
Microsoft Visual Studio Solution File, Format Version 12.00
# Visual Studio Version 17
VisualStudioVersion = 17.10.34916.146
MinimumVisualStudioVersion = 10.0.40219.1
Project("{8BC9CEB8-8B4A-11D0-8D11-00A0C91BC942}") = "Challenge", "Challenge\Challenge.vcxproj", "{CD27FE7E-4653-4BB8-B010-00298D8F5BC0}"
EndProject
Project("{8BC9CEB8-8B4A-11D0-8D11-00A0C91BC942}") = "8-1", "8-1\8-1.vcxproj", "{40A56AFA-849E-45C8-B3F6-F7EE186DFFEC}"
EndProject
Project("{8BC9CEB8-8B4A-11D0-8D11-00A0C91BC942}") = "8-2", "8-2\8-2.vcxproj", "{AC20B1FC-AC2B-4DE0-9B0B-164A6A211EDA}"
EndProject
Project("{8BC9CEB8-8B4A-11D0-8D11-00A0C91BC942}") = "8-3", "8-3\8-3.vcxproj", "{45C337E0-2680-4EA9-A092-B82A2C95BEF2}"
EndProject
Project("{8BC9CEB8-8B4A-11D0-8D11-00A0C91BC942}") = "8-4", "8-4\8-4.vcxproj", "{E7F67B49-3A40-48F1-A73C-8CA5CBA3FF89}"
EndProject
Project("{8BC9CEB8-8B4A-11D0-8D11-00A0C91BC942}") = "8-5", "8-5\8-5.vcxproj", "{E0A7CB15-887D-4D0C-97F2-125A9BA84E9F}"
EndProject
Project("{8BC9CEB8-8B4A-11D0-8D11-00A0C91BC942}") = "8-6", "8-6\8-6.vcxproj", "{FDB768A2-F80E-4CED-9C61-02FEA5EB74B1}"
EndProject
Project("{8BC9CEB8-8B4A-11D0-8D11-00A0C91BC942}") = "8-7", "8-7\8-7.vcxproj", "{62C4E14F-1203-4C62-BEBB-75339E05F698}"
EndProject
Project("{8BC9CEB8-8B4A-11D0-8D11-00A0C91BC942}") = "8-8", "8-8\8-8.vcxproj", "{D6C5567F-9B9D-41DA-9A36-539159BCC06F}"
EndProject
Project("{8BC9CEB8-8B4A-11D0-8D11-00A0C91BC942}") = "8-9", "8-9\8-9.vcxproj", "{A0236831-E47C-4441-927F-F284730CDB7F}"
EndProject
Global
	GlobalSection(SolutionConfigurationPlatforms) = preSolution
		Debug|x64 = Debug|x64
		Debug|x86 = Debug|x86
		Release|x64 = Release|x64
		Release|x86 = Release|x86
	EndGlobalSection
	GlobalSection(ProjectConfigurationPlatforms) = postSolution
		{CD27FE7E-4653-4BB8-B010-00298D8F5BC0}.Debug|x64.ActiveCfg = Debug|x64
		{CD27FE7E-4653-4BB8-B010-00298D8F5BC0}.Debug|x64.Build.0 = Debug|x64
		{CD27FE7E-4653-4BB8-B010-00298D8F5BC0}.Debug|x86.ActiveCfg = Debug|Win32
		{CD27FE7E-4653-4BB8-B010-00298D8F5BC0}.Debug|x86.Build.0 = Debug|Win32
		{CD27FE7E-4653-4BB8-B010-00298D8F5BC0}.Release|x64.ActiveCfg = Release|x64
		{CD27FE7E-4653-4BB8-B010-00298D8F5BC0}.Release|x64.Build.0 = Release|x64
		{CD27FE7E-4653-4BB8-B010-00298D8F5BC0}.Release|x86.ActiveCfg = Release|Win32
		{CD27FE7E-4653-4BB8-B010-00298D8F5BC0}.Release|x86.Build.0 = Release|Win32
		{40A56AFA-849E-45C8-B3F6-F7EE186DFFEC}.Debug|x64.ActiveCfg = Debug|x64
		{40A56AFA-849E-45C8-B3F6-F7EE186DFFEC}.Debug|x64.Build.0 = Debug|x64
		{40A56AFA-849E-45C8-B3F6-F7EE186DFFEC}.Debug|x86.ActiveCfg = Debug|Win32
		{40A56AFA-849E-45C8-B3F6-F7EE186DFFEC}.Debug|x86.Build.0 = Debug|Win32
		{40A56AFA-849E-45C8-B3F6-F7EE186DFFEC}.Release|x64.ActiveCfg = Release|x64
		{40A56AFA-849E-45C8-B3F6-F7EE186DFFEC}.Release|x64.Build.0 = Release|x64
		{40A56AFA-849E-45C8-B3F6-F7EE186DFFEC}.Release|x86.ActiveCfg = Release|Win32
		{40A56AFA-849E-45C8-B3F6-F7EE186DFFEC}.Release|x86.Build.0 = Release|Win32
		{AC20B1FC-AC2B-4DE0-9B0B-164A6A211EDA}.Debug|x64.ActiveCfg = Debug|x64
		{AC20B1FC-AC2B-4DE0-9B0B-164A6A211EDA}.Debug|x64.Build.0 = Debug|x64
		{AC20B1FC-AC2B-4DE0-9B0B-164A6A211EDA}.Debug|x86.ActiveCfg = Debug|Win32
		{AC20B1FC-AC2B-4DE0-9B0B-164A6A211EDA}.Debug|x86.Build.0 = Debug|Win32
		{AC20B1FC-AC2B-4DE0-9B0B-164A6A211EDA}.Release|x64.ActiveCfg = Release|x64
		{AC20B1FC-AC2B-4DE0-9B0B-164A6A211EDA}.Release|x64.Build.0 = Release|x64
		{AC20B1FC-AC2B-4DE0-9B0B-164A6A211EDA}.Release|x86.ActiveCfg = Release|Win32
		{AC20B1FC-AC2B-4DE0-9B0B-164A6A211EDA}.Release|x86.Build.0 = Release|Win32
		{45C337E0-2680-4EA9-A092-B82A2C95BEF2}.Debug|x64.ActiveCfg = Debug|x64
		{45C337E0-2680-4EA9-A092-B82A2C95BEF2}.Debug|x64.Build.0 = Debug|x64
		{45C337E0-2680-4EA9-A092-B82A2C95BEF2}.Debug|x86.ActiveCfg = Debug|Win32
		{45C337E0-2680-4EA9-A092-B82A2C95BEF2}.Debug|x86.Build.0 = Debug|Win32
		{45C337E0-2680-4EA9-A092-B82A2C95BEF2}.Release|x64.ActiveCfg = Release|x64
		{45C337E0-2680-4EA9-A092-B82A2C95BEF2}.Release|x64.Build.0 = Release|x64
		{45C337E0-2680-4EA9-A092-B82A2C95BEF2}.Release|x86.ActiveCfg = Release|Win32
		{45C337E0-2680-4EA9-A092-B82A2C95BEF2}.Release|x86.Build.0 = Release|Win32
		{E7F67B49-3A40-48F1-A73C-8CA5CBA3FF89}.Debug|x64.ActiveCfg = Debug|x64
		{E7F67B49-3A40-48F1-A73C-8CA5CBA3FF89}.Debug|x64.Build.0 = Debug|x64
		{E7F67B49-3A40-48F1-A73C-8CA5CBA3FF89}.Debug|x86.ActiveCfg = Debug|Win32
		{E7F67B49-3A40-48F1-A73C-8CA5CBA3FF89}.Debug|x86.Build.0 = Debug|Win32
		{E7F67B49-3A40-48F1-A73C-8CA5CBA3FF89}.Release|x64.ActiveCfg = Release|x64
		{E7F67B49-3A40-48F1-A73C-8CA5CBA3FF89}.Release|x64.Build.0 = Release|x64
		{E7F67B49-3A40-48F1-A73C-8CA5CBA3FF89}.Release|x86.ActiveCfg = Release|Win32
		{E7F67B49-3A40-48F1-A73C-8CA5CBA3FF89}.Release|x86.Build.0 = Release|Win32
		{E0A7CB15-887D-4D0C-97F2-125A9BA84E9F}.Debug|x64.ActiveCfg = Debug|x64
		{E0A7CB15-887D-4D0C-97F2-125A9BA84E9F}.Debug|x64.Build.0 = Debug|x64
		{E0A7CB15-887D-4D0C-97F2-125A9BA84E9F}.Debug|x86.ActiveCfg = Debug|Win32
		{E0A7CB15-887D-4D0C-97F2-125A9BA84E9F}.Debug|x86.Build.0 = Debug|Win32
		{E0A7CB15-887D-4D0C-97F2-125A9BA84E9F}.Release|x64.ActiveCfg = Release|x64
		{E0A7CB15-887D-4D0C-97F2-125A9BA84E9F}.Release|x64.Build.0 = Release|x64
		{E0A7CB15-887D-4D0C-97F2-125A9BA84E9F}.Release|x86.ActiveCfg = Release|Win32
		{E0A7CB15-887D-4D0C-97F2-125A9BA84E9F}.Release|x86.Build.0 = Release|Win32
		{FDB768A2-F80E-4CED-9C61-02FEA5EB74B1}.Debug|x64.ActiveCfg = Debug|x64
		{FDB768A2-F80E-4CED-9C61-02FEA5EB74B1}.Debug|x64.Build.0 = Debug|x64
		{FDB768A2-F80E-4CED-9C61-02FEA5EB74B1}.Debug|x86.ActiveCfg = Debug|Win32
		{FDB768A2-F80E-4CED-9C61-02FEA5EB74B1}.Debug|x86.Build.0 = Debug|Win32
		{FDB768A2-F80E-4CED-9C61-02FEA5EB74B1}.Release|x64.ActiveCfg = Release|x64
		{FDB768A2-F80E-4CED-9C61-02FEA5EB74B1}.Release|x64.Build.0 = Release|x64
		{FDB768A2-F80E-4CED-9C61-02FEA5EB74B1}.Release|x86.ActiveCfg = Release|Win32
		{FDB768A2-F80E-4CED-9C61-02FEA5EB74B1}.Release|x86.Build.0 = Release|Win32
		{62C4E14F-1203-4C62-BEBB-75339E05F698}.Debug|x64.ActiveCfg = Debug|x64
		{62C4E14F-1203-4C62-BEBB-75339E05F698}.Debug|x64.Build.0 = Debug|x64
		{62C4E14F-1203-4C62-BEBB-75339E05F698}.Debug|x86.ActiveCfg = Debug|Win32
		{62C4E14F-1203-4C62-BEBB-75339E05F698}.Debug|x86.Build.0 = Debug|Win32
		{62C4E14F-1203-4C62-BEBB-75339E05F698}.Release|x64.ActiveCfg = Release|x64
		{62C4E14F-1203-4C62-BEBB-75339E05F698}.Release|x64.Build.0 = Release|x64
		{62C4E14F-1203-4C62-BEBB-75339E05F698}.Release|x86.ActiveCfg = Release|Win32
		{62C4E14F-1203-4C62-BEBB-75339E05F698}.Release|x86.Build.0 = Release|Win32
		{D6C5567F-9B9D-41DA-9A36-539159BCC06F}.Debug|x64.ActiveCfg = Debug|x64
		{D6C5567F-9B9D-41DA-9A36-539159BCC06F}.Debug|x64.Build.0 = Debug|x64
		{D6C5567F-9B9D-41DA-9A36-539159BCC06F}.Debug|x86.ActiveCfg = Debug|Win32
		{D6C5567F-9B9D-41DA-9A36-539159BCC06F}.Debug|x86.Build.0 = Debug|Win32
		{D6C5567F-9B9D-41DA-9A36-539159BCC06F}.Release|x64.ActiveCfg = Release|x64
		{D6C5567F-9B9D-41DA-9A36-539159BCC06F}.Release|x64.Build.0 = Release|x64
		{D6C5567F-9B9D-41DA-9A36-539159BCC06F}.Release|x86.ActiveCfg = Release|Win32
		{D6C5567F-9B9D-41DA-9A36-539159BCC06F}.Release|x86.Build.0 = Release|Win32
		{A0236831-E47C-4441-927F-F284730CDB7F}.Debug|x64.ActiveCfg = Debug|x64
		{A0236831-E47C-4441-927F-F284730CDB7F}.Debug|x64.Build.0 = Debug|x64
		{A0236831-E47C-4441-927F-F284730CDB7F}.Debug|x86.ActiveCfg = Debug|Win32
		{A0236831-E47C-4441-927F-F284730CDB7F}.Debug|x86.Build.0 = Debug|Win32
		{A0236831-E47C-4441-927F-F284730CDB7F}.Release|x64.ActiveCfg = Release|x64
		{A0236831-E47C-4441-927F-F284730CDB7F}.Release|x64.Build.0 = Release|x64
		{A0236831-E47C-4441-927F-F284730CDB7F}.Release|x86.ActiveCfg = Release|Win32
		{A0236831-E47C-4441-927F-F284730CDB7F}.Release|x86.Build.0 = Release|Win32
	EndGlobalSection
	GlobalSection(SolutionProperties) = preSolution
		HideSolutionNode = FALSE
	EndGlobalSection
	GlobalSection(ExtensibilityGlobals) = postSolution
		SolutionGuid = {D03B8F34-5B4C-4C84-A3E6-FDAB363D8475}
	EndGlobalSection
EndGlobal
