
Microsoft Visual Studio Solution File, Format Version 12.00
# Visual Studio Version 17
VisualStudioVersion = 17.11.35222.181
MinimumVisualStudioVersion = 10.0.40219.1
Project("{8BC9CEB8-8B4A-11D0-8D11-00A0C91BC942}") = "Challenge", "Challenge\challenge.vcxproj", "{C1CF6534-5B63-4275-B9B9-3E9458E6B2DA}"
EndProject
Project("{8BC9CEB8-8B4A-11D0-8D11-00A0C91BC942}") = "3-1", "3-1\3-1.vcxproj", "{738AD0DF-28C8-4265-AC3E-1A18953C9298}"
EndProject
Project("{8BC9CEB8-8B4A-11D0-8D11-00A0C91BC942}") = "3-2", "3-2\3-2.vcxproj", "{D39C2347-35E5-4C82-9FD1-745F871EC234}"
EndProject
Project("{8BC9CEB8-8B4A-11D0-8D11-00A0C91BC942}") = "3-3", "3-3\3-3.vcxproj", "{EFEE2681-4821-4CDA-B8AD-E898A1942B01}"
EndProject
Project("{8BC9CEB8-8B4A-11D0-8D11-00A0C91BC942}") = "3-4", "3-4\3-4.vcxproj", "{571CEB91-068F-4CFA-92F1-9D475969071D}"
EndProject
Project("{8BC9CEB8-8B4A-11D0-8D11-00A0C91BC942}") = "3-5", "3-5\3-5.vcxproj", "{B43C5785-9A43-4D98-9EA8-53E1354FE6CD}"
EndProject
Project("{8BC9CEB8-8B4A-11D0-8D11-00A0C91BC942}") = "3-6", "3-6\3-6.vcxproj", "{48125945-E51F-4473-B68A-41E417AA4F55}"
EndProject
Project("{8BC9CEB8-8B4A-11D0-8D11-00A0C91BC942}") = "3-7", "3-7\3-7.vcxproj", "{5053A738-239D-4D13-BB51-175565225D6F}"
EndProject
Project("{8BC9CEB8-8B4A-11D0-8D11-00A0C91BC942}") = "3-8", "3-8\3-8.vcxproj", "{AEAB9232-C96B-4676-90F9-B61111E8BDF3}"
EndProject
Project("{8BC9CEB8-8B4A-11D0-8D11-00A0C91BC942}") = "3-9", "3-9\3-9.vcxproj", "{60E30B62-0A30-46C2-9EAE-9586F7C3EEF8}"
EndProject
Project("{8BC9CEB8-8B4A-11D0-8D11-00A0C91BC942}") = "3-10", "3-10\3-10.vcxproj", "{44B9C5C4-85DB-4709-8377-08413B8FFAF1}"
EndProject
Project("{8BC9CEB8-8B4A-11D0-8D11-00A0C91BC942}") = "3-11", "3-11\3-11.vcxproj", "{A6EE93A9-3AA3-47F3-B574-EBBFE237988E}"
EndProject
Project("{8BC9CEB8-8B4A-11D0-8D11-00A0C91BC942}") = "3-12", "3-12\3-12.vcxproj", "{E67FA740-23E5-44D1-88EB-07065B621F16}"
EndProject
Global
	GlobalSection(SolutionConfigurationPlatforms) = preSolution
		Debug|x64 = Debug|x64
		Debug|x86 = Debug|x86
		Release|x64 = Release|x64
		Release|x86 = Release|x86
	EndGlobalSection
	GlobalSection(ProjectConfigurationPlatforms) = postSolution
		{C1CF6534-5B63-4275-B9B9-3E9458E6B2DA}.Debug|x64.ActiveCfg = Debug|x64
		{C1CF6534-5B63-4275-B9B9-3E9458E6B2DA}.Debug|x64.Build.0 = Debug|x64
		{C1CF6534-5B63-4275-B9B9-3E9458E6B2DA}.Debug|x86.ActiveCfg = Debug|Win32
		{C1CF6534-5B63-4275-B9B9-3E9458E6B2DA}.Debug|x86.Build.0 = Debug|Win32
		{C1CF6534-5B63-4275-B9B9-3E9458E6B2DA}.Release|x64.ActiveCfg = Release|x64
		{C1CF6534-5B63-4275-B9B9-3E9458E6B2DA}.Release|x64.Build.0 = Release|x64
		{C1CF6534-5B63-4275-B9B9-3E9458E6B2DA}.Release|x86.ActiveCfg = Release|Win32
		{C1CF6534-5B63-4275-B9B9-3E9458E6B2DA}.Release|x86.Build.0 = Release|Win32
		{738AD0DF-28C8-4265-AC3E-1A18953C9298}.Debug|x64.ActiveCfg = Debug|x64
		{738AD0DF-28C8-4265-AC3E-1A18953C9298}.Debug|x64.Build.0 = Debug|x64
		{738AD0DF-28C8-4265-AC3E-1A18953C9298}.Debug|x86.ActiveCfg = Debug|Win32
		{738AD0DF-28C8-4265-AC3E-1A18953C9298}.Debug|x86.Build.0 = Debug|Win32
		{738AD0DF-28C8-4265-AC3E-1A18953C9298}.Release|x64.ActiveCfg = Release|x64
		{738AD0DF-28C8-4265-AC3E-1A18953C9298}.Release|x64.Build.0 = Release|x64
		{738AD0DF-28C8-4265-AC3E-1A18953C9298}.Release|x86.ActiveCfg = Release|Win32
		{738AD0DF-28C8-4265-AC3E-1A18953C9298}.Release|x86.Build.0 = Release|Win32
		{D39C2347-35E5-4C82-9FD1-745F871EC234}.Debug|x64.ActiveCfg = Debug|x64
		{D39C2347-35E5-4C82-9FD1-745F871EC234}.Debug|x64.Build.0 = Debug|x64
		{D39C2347-35E5-4C82-9FD1-745F871EC234}.Debug|x86.ActiveCfg = Debug|Win32
		{D39C2347-35E5-4C82-9FD1-745F871EC234}.Debug|x86.Build.0 = Debug|Win32
		{D39C2347-35E5-4C82-9FD1-745F871EC234}.Release|x64.ActiveCfg = Release|x64
		{D39C2347-35E5-4C82-9FD1-745F871EC234}.Release|x64.Build.0 = Release|x64
		{D39C2347-35E5-4C82-9FD1-745F871EC234}.Release|x86.ActiveCfg = Release|Win32
		{D39C2347-35E5-4C82-9FD1-745F871EC234}.Release|x86.Build.0 = Release|Win32
		{EFEE2681-4821-4CDA-B8AD-E898A1942B01}.Debug|x64.ActiveCfg = Debug|x64
		{EFEE2681-4821-4CDA-B8AD-E898A1942B01}.Debug|x64.Build.0 = Debug|x64
		{EFEE2681-4821-4CDA-B8AD-E898A1942B01}.Debug|x86.ActiveCfg = Debug|Win32
		{EFEE2681-4821-4CDA-B8AD-E898A1942B01}.Debug|x86.Build.0 = Debug|Win32
		{EFEE2681-4821-4CDA-B8AD-E898A1942B01}.Release|x64.ActiveCfg = Release|x64
		{EFEE2681-4821-4CDA-B8AD-E898A1942B01}.Release|x64.Build.0 = Release|x64
		{EFEE2681-4821-4CDA-B8AD-E898A1942B01}.Release|x86.ActiveCfg = Release|Win32
		{EFEE2681-4821-4CDA-B8AD-E898A1942B01}.Release|x86.Build.0 = Release|Win32
		{571CEB91-068F-4CFA-92F1-9D475969071D}.Debug|x64.ActiveCfg = Debug|x64
		{571CEB91-068F-4CFA-92F1-9D475969071D}.Debug|x64.Build.0 = Debug|x64
		{571CEB91-068F-4CFA-92F1-9D475969071D}.Debug|x86.ActiveCfg = Debug|Win32
		{571CEB91-068F-4CFA-92F1-9D475969071D}.Debug|x86.Build.0 = Debug|Win32
		{571CEB91-068F-4CFA-92F1-9D475969071D}.Release|x64.ActiveCfg = Release|x64
		{571CEB91-068F-4CFA-92F1-9D475969071D}.Release|x64.Build.0 = Release|x64
		{571CEB91-068F-4CFA-92F1-9D475969071D}.Release|x86.ActiveCfg = Release|Win32
		{571CEB91-068F-4CFA-92F1-9D475969071D}.Release|x86.Build.0 = Release|Win32
		{B43C5785-9A43-4D98-9EA8-53E1354FE6CD}.Debug|x64.ActiveCfg = Debug|x64
		{B43C5785-9A43-4D98-9EA8-53E1354FE6CD}.Debug|x64.Build.0 = Debug|x64
		{B43C5785-9A43-4D98-9EA8-53E1354FE6CD}.Debug|x86.ActiveCfg = Debug|Win32
		{B43C5785-9A43-4D98-9EA8-53E1354FE6CD}.Debug|x86.Build.0 = Debug|Win32
		{B43C5785-9A43-4D98-9EA8-53E1354FE6CD}.Release|x64.ActiveCfg = Release|x64
		{B43C5785-9A43-4D98-9EA8-53E1354FE6CD}.Release|x64.Build.0 = Release|x64
		{B43C5785-9A43-4D98-9EA8-53E1354FE6CD}.Release|x86.ActiveCfg = Release|Win32
		{B43C5785-9A43-4D98-9EA8-53E1354FE6CD}.Release|x86.Build.0 = Release|Win32
		{48125945-E51F-4473-B68A-41E417AA4F55}.Debug|x64.ActiveCfg = Debug|x64
		{48125945-E51F-4473-B68A-41E417AA4F55}.Debug|x64.Build.0 = Debug|x64
		{48125945-E51F-4473-B68A-41E417AA4F55}.Debug|x86.ActiveCfg = Debug|Win32
		{48125945-E51F-4473-B68A-41E417AA4F55}.Debug|x86.Build.0 = Debug|Win32
		{48125945-E51F-4473-B68A-41E417AA4F55}.Release|x64.ActiveCfg = Release|x64
		{48125945-E51F-4473-B68A-41E417AA4F55}.Release|x64.Build.0 = Release|x64
		{48125945-E51F-4473-B68A-41E417AA4F55}.Release|x86.ActiveCfg = Release|Win32
		{48125945-E51F-4473-B68A-41E417AA4F55}.Release|x86.Build.0 = Release|Win32
		{5053A738-239D-4D13-BB51-175565225D6F}.Debug|x64.ActiveCfg = Debug|x64
		{5053A738-239D-4D13-BB51-175565225D6F}.Debug|x64.Build.0 = Debug|x64
		{5053A738-239D-4D13-BB51-175565225D6F}.Debug|x86.ActiveCfg = Debug|Win32
		{5053A738-239D-4D13-BB51-175565225D6F}.Debug|x86.Build.0 = Debug|Win32
		{5053A738-239D-4D13-BB51-175565225D6F}.Release|x64.ActiveCfg = Release|x64
		{5053A738-239D-4D13-BB51-175565225D6F}.Release|x64.Build.0 = Release|x64
		{5053A738-239D-4D13-BB51-175565225D6F}.Release|x86.ActiveCfg = Release|Win32
		{5053A738-239D-4D13-BB51-175565225D6F}.Release|x86.Build.0 = Release|Win32
		{AEAB9232-C96B-4676-90F9-B61111E8BDF3}.Debug|x64.ActiveCfg = Debug|x64
		{AEAB9232-C96B-4676-90F9-B61111E8BDF3}.Debug|x64.Build.0 = Debug|x64
		{AEAB9232-C96B-4676-90F9-B61111E8BDF3}.Debug|x86.ActiveCfg = Debug|Win32
		{AEAB9232-C96B-4676-90F9-B61111E8BDF3}.Debug|x86.Build.0 = Debug|Win32
		{AEAB9232-C96B-4676-90F9-B61111E8BDF3}.Release|x64.ActiveCfg = Release|x64
		{AEAB9232-C96B-4676-90F9-B61111E8BDF3}.Release|x64.Build.0 = Release|x64
		{AEAB9232-C96B-4676-90F9-B61111E8BDF3}.Release|x86.ActiveCfg = Release|Win32
		{AEAB9232-C96B-4676-90F9-B61111E8BDF3}.Release|x86.Build.0 = Release|Win32
		{60E30B62-0A30-46C2-9EAE-9586F7C3EEF8}.Debug|x64.ActiveCfg = Debug|x64
		{60E30B62-0A30-46C2-9EAE-9586F7C3EEF8}.Debug|x64.Build.0 = Debug|x64
		{60E30B62-0A30-46C2-9EAE-9586F7C3EEF8}.Debug|x86.ActiveCfg = Debug|Win32
		{60E30B62-0A30-46C2-9EAE-9586F7C3EEF8}.Debug|x86.Build.0 = Debug|Win32
		{60E30B62-0A30-46C2-9EAE-9586F7C3EEF8}.Release|x64.ActiveCfg = Release|x64
		{60E30B62-0A30-46C2-9EAE-9586F7C3EEF8}.Release|x64.Build.0 = Release|x64
		{60E30B62-0A30-46C2-9EAE-9586F7C3EEF8}.Release|x86.ActiveCfg = Release|Win32
		{60E30B62-0A30-46C2-9EAE-9586F7C3EEF8}.Release|x86.Build.0 = Release|Win32
		{44B9C5C4-85DB-4709-8377-08413B8FFAF1}.Debug|x64.ActiveCfg = Debug|x64
		{44B9C5C4-85DB-4709-8377-08413B8FFAF1}.Debug|x64.Build.0 = Debug|x64
		{44B9C5C4-85DB-4709-8377-08413B8FFAF1}.Debug|x86.ActiveCfg = Debug|Win32
		{44B9C5C4-85DB-4709-8377-08413B8FFAF1}.Debug|x86.Build.0 = Debug|Win32
		{44B9C5C4-85DB-4709-8377-08413B8FFAF1}.Release|x64.ActiveCfg = Release|x64
		{44B9C5C4-85DB-4709-8377-08413B8FFAF1}.Release|x64.Build.0 = Release|x64
		{44B9C5C4-85DB-4709-8377-08413B8FFAF1}.Release|x86.ActiveCfg = Release|Win32
		{44B9C5C4-85DB-4709-8377-08413B8FFAF1}.Release|x86.Build.0 = Release|Win32
		{A6EE93A9-3AA3-47F3-B574-EBBFE237988E}.Debug|x64.ActiveCfg = Debug|x64
		{A6EE93A9-3AA3-47F3-B574-EBBFE237988E}.Debug|x64.Build.0 = Debug|x64
		{A6EE93A9-3AA3-47F3-B574-EBBFE237988E}.Debug|x86.ActiveCfg = Debug|Win32
		{A6EE93A9-3AA3-47F3-B574-EBBFE237988E}.Debug|x86.Build.0 = Debug|Win32
		{A6EE93A9-3AA3-47F3-B574-EBBFE237988E}.Release|x64.ActiveCfg = Release|x64
		{A6EE93A9-3AA3-47F3-B574-EBBFE237988E}.Release|x64.Build.0 = Release|x64
		{A6EE93A9-3AA3-47F3-B574-EBBFE237988E}.Release|x86.ActiveCfg = Release|Win32
		{A6EE93A9-3AA3-47F3-B574-EBBFE237988E}.Release|x86.Build.0 = Release|Win32
		{E67FA740-23E5-44D1-88EB-07065B621F16}.Debug|x64.ActiveCfg = Debug|x64
		{E67FA740-23E5-44D1-88EB-07065B621F16}.Debug|x64.Build.0 = Debug|x64
		{E67FA740-23E5-44D1-88EB-07065B621F16}.Debug|x86.ActiveCfg = Debug|Win32
		{E67FA740-23E5-44D1-88EB-07065B621F16}.Debug|x86.Build.0 = Debug|Win32
		{E67FA740-23E5-44D1-88EB-07065B621F16}.Release|x64.ActiveCfg = Release|x64
		{E67FA740-23E5-44D1-88EB-07065B621F16}.Release|x64.Build.0 = Release|x64
		{E67FA740-23E5-44D1-88EB-07065B621F16}.Release|x86.ActiveCfg = Release|Win32
		{E67FA740-23E5-44D1-88EB-07065B621F16}.Release|x86.Build.0 = Release|Win32
	EndGlobalSection
	GlobalSection(SolutionProperties) = preSolution
		HideSolutionNode = FALSE
	EndGlobalSection
	GlobalSection(ExtensibilityGlobals) = postSolution
		SolutionGuid = {73C59604-6B41-4556-A201-68C8302B5BD6}
	EndGlobalSection
EndGlobal
