
Microsoft Visual Studio Solution File, Format Version 12.00
# Visual Studio Version 17
VisualStudioVersion = 17.12.35527.113 d17.12
MinimumVisualStudioVersion = 10.0.40219.1
Project("{8BC9CEB8-8B4A-11D0-8D11-00A0C91BC942}") = "Challenge", "Challenge\Challenge.vcxproj", "{D2A431E5-A91C-4298-BEE9-5A7EEB4C7BB8}"
EndProject
Project("{8BC9CEB8-8B4A-11D0-8D11-00A0C91BC942}") = "10-1", "10-1\10-1.vcxproj", "{BE3B054E-D2BA-4BEC-B7FC-DB5AA603BB8B}"
EndProject
Project("{8BC9CEB8-8B4A-11D0-8D11-00A0C91BC942}") = "10-2", "10-2\10-2.vcxproj", "{E321977C-22D2-480D-9EFB-912A943732EC}"
EndProject
Project("{8BC9CEB8-8B4A-11D0-8D11-00A0C91BC942}") = "10-3", "10-3\10-3.vcxproj", "{61D5443D-3BEE-4B32-A051-BE02CC2CB922}"
EndProject
Project("{8BC9CEB8-8B4A-11D0-8D11-00A0C91BC942}") = "10-4", "10-4\10-4.vcxproj", "{74034911-EE87-4EB7-96A2-C57F3D90098B}"
EndProject
Project("{8BC9CEB8-8B4A-11D0-8D11-00A0C91BC942}") = "10-5", "10-5\10-5.vcxproj", "{2838B232-D7EC-4068-81AB-A5EEBC551552}"
EndProject
Global
	GlobalSection(SolutionConfigurationPlatforms) = preSolution
		Debug|x64 = Debug|x64
		Debug|x86 = Debug|x86
		Release|x64 = Release|x64
		Release|x86 = Release|x86
	EndGlobalSection
	GlobalSection(ProjectConfigurationPlatforms) = postSolution
		{D2A431E5-A91C-4298-BEE9-5A7EEB4C7BB8}.Debug|x64.ActiveCfg = Debug|x64
		{D2A431E5-A91C-4298-BEE9-5A7EEB4C7BB8}.Debug|x64.Build.0 = Debug|x64
		{D2A431E5-A91C-4298-BEE9-5A7EEB4C7BB8}.Debug|x86.ActiveCfg = Debug|Win32
		{D2A431E5-A91C-4298-BEE9-5A7EEB4C7BB8}.Debug|x86.Build.0 = Debug|Win32
		{D2A431E5-A91C-4298-BEE9-5A7EEB4C7BB8}.Release|x64.ActiveCfg = Release|x64
		{D2A431E5-A91C-4298-BEE9-5A7EEB4C7BB8}.Release|x64.Build.0 = Release|x64
		{D2A431E5-A91C-4298-BEE9-5A7EEB4C7BB8}.Release|x86.ActiveCfg = Release|Win32
		{D2A431E5-A91C-4298-BEE9-5A7EEB4C7BB8}.Release|x86.Build.0 = Release|Win32
		{BE3B054E-D2BA-4BEC-B7FC-DB5AA603BB8B}.Debug|x64.ActiveCfg = Debug|x64
		{BE3B054E-D2BA-4BEC-B7FC-DB5AA603BB8B}.Debug|x64.Build.0 = Debug|x64
		{BE3B054E-D2BA-4BEC-B7FC-DB5AA603BB8B}.Debug|x86.ActiveCfg = Debug|Win32
		{BE3B054E-D2BA-4BEC-B7FC-DB5AA603BB8B}.Debug|x86.Build.0 = Debug|Win32
		{BE3B054E-D2BA-4BEC-B7FC-DB5AA603BB8B}.Release|x64.ActiveCfg = Release|x64
		{BE3B054E-D2BA-4BEC-B7FC-DB5AA603BB8B}.Release|x64.Build.0 = Release|x64
		{BE3B054E-D2BA-4BEC-B7FC-DB5AA603BB8B}.Release|x86.ActiveCfg = Release|Win32
		{BE3B054E-D2BA-4BEC-B7FC-DB5AA603BB8B}.Release|x86.Build.0 = Release|Win32
		{E321977C-22D2-480D-9EFB-912A943732EC}.Debug|x64.ActiveCfg = Debug|x64
		{E321977C-22D2-480D-9EFB-912A943732EC}.Debug|x64.Build.0 = Debug|x64
		{E321977C-22D2-480D-9EFB-912A943732EC}.Debug|x86.ActiveCfg = Debug|Win32
		{E321977C-22D2-480D-9EFB-912A943732EC}.Debug|x86.Build.0 = Debug|Win32
		{E321977C-22D2-480D-9EFB-912A943732EC}.Release|x64.ActiveCfg = Release|x64
		{E321977C-22D2-480D-9EFB-912A943732EC}.Release|x64.Build.0 = Release|x64
		{E321977C-22D2-480D-9EFB-912A943732EC}.Release|x86.ActiveCfg = Release|Win32
		{E321977C-22D2-480D-9EFB-912A943732EC}.Release|x86.Build.0 = Release|Win32
		{61D5443D-3BEE-4B32-A051-BE02CC2CB922}.Debug|x64.ActiveCfg = Debug|x64
		{61D5443D-3BEE-4B32-A051-BE02CC2CB922}.Debug|x64.Build.0 = Debug|x64
		{61D5443D-3BEE-4B32-A051-BE02CC2CB922}.Debug|x86.ActiveCfg = Debug|Win32
		{61D5443D-3BEE-4B32-A051-BE02CC2CB922}.Debug|x86.Build.0 = Debug|Win32
		{61D5443D-3BEE-4B32-A051-BE02CC2CB922}.Release|x64.ActiveCfg = Release|x64
		{61D5443D-3BEE-4B32-A051-BE02CC2CB922}.Release|x64.Build.0 = Release|x64
		{61D5443D-3BEE-4B32-A051-BE02CC2CB922}.Release|x86.ActiveCfg = Release|Win32
		{61D5443D-3BEE-4B32-A051-BE02CC2CB922}.Release|x86.Build.0 = Release|Win32
		{74034911-EE87-4EB7-96A2-C57F3D90098B}.Debug|x64.ActiveCfg = Debug|x64
		{74034911-EE87-4EB7-96A2-C57F3D90098B}.Debug|x64.Build.0 = Debug|x64
		{74034911-EE87-4EB7-96A2-C57F3D90098B}.Debug|x86.ActiveCfg = Debug|Win32
		{74034911-EE87-4EB7-96A2-C57F3D90098B}.Debug|x86.Build.0 = Debug|Win32
		{74034911-EE87-4EB7-96A2-C57F3D90098B}.Release|x64.ActiveCfg = Release|x64
		{74034911-EE87-4EB7-96A2-C57F3D90098B}.Release|x64.Build.0 = Release|x64
		{74034911-EE87-4EB7-96A2-C57F3D90098B}.Release|x86.ActiveCfg = Release|Win32
		{74034911-EE87-4EB7-96A2-C57F3D90098B}.Release|x86.Build.0 = Release|Win32
		{2838B232-D7EC-4068-81AB-A5EEBC551552}.Debug|x64.ActiveCfg = Debug|x64
		{2838B232-D7EC-4068-81AB-A5EEBC551552}.Debug|x64.Build.0 = Debug|x64
		{2838B232-D7EC-4068-81AB-A5EEBC551552}.Debug|x86.ActiveCfg = Debug|Win32
		{2838B232-D7EC-4068-81AB-A5EEBC551552}.Debug|x86.Build.0 = Debug|Win32
		{2838B232-D7EC-4068-81AB-A5EEBC551552}.Release|x64.ActiveCfg = Release|x64
		{2838B232-D7EC-4068-81AB-A5EEBC551552}.Release|x64.Build.0 = Release|x64
		{2838B232-D7EC-4068-81AB-A5EEBC551552}.Release|x86.ActiveCfg = Release|Win32
		{2838B232-D7EC-4068-81AB-A5EEBC551552}.Release|x86.Build.0 = Release|Win32
	EndGlobalSection
	GlobalSection(SolutionProperties) = preSolution
		HideSolutionNode = FALSE
	EndGlobalSection
EndGlobal
