
Microsoft Visual Studio Solution File, Format Version 12.00
# Visual Studio Version 17
VisualStudioVersion = 17.12.35527.113
MinimumVisualStudioVersion = 10.0.40219.1
Project("{8BC9CEB8-8B4A-11D0-8D11-00A0C91BC942}") = "Challenge", "Challenge\Challenge.vcxproj", "{D2A431E5-A91C-4298-BEE9-5A7EEB4C7BB8}"
EndProject
Project("{8BC9CEB8-8B4A-11D0-8D11-00A0C91BC942}") = "10-1", "10-1\10-1.vcxproj", "{BE3B054E-D2BA-4BEC-B7FC-DB5AA603BB8B}"
EndProject
Project("{8BC9CEB8-8B4A-11D0-8D11-00A0C91BC942}") = "10-2", "10-2\10-2.vcxproj", "{E321977C-22D2-480D-9EFB-912A943732EC}"
EndProject
Project("{8BC9CEB8-8B4A-11D0-8D11-00A0C91BC942}") = "10-3", "10-3\10-3.vcxproj", "{61D5443D-3BEE-4B32-A051-BE02CC2CB922}"
EndProject
Project("{8BC9CEB8-8B4A-11D0-8D11-00A0C91BC942}") = "10-4", "10-4\10-4.vcxproj", "{74034911-EE87-4EB7-96A2-C57F3D90098B}"
EndProject
Project("{8BC9CEB8-8B4A-11D0-8D11-00A0C91BC942}") = "10-5", "10-5\10-5.vcxproj", "{2838B232-D7EC-4068-81AB-A5EEBC551552}"
EndProject
Project("{8BC9CEB8-8B4A-11D0-8D11-00A0C91BC942}") = "10-6", "10-6\10-6.vcxproj", "{62A9D8E8-E382-43D7-82E1-A976BD3FE561}"
EndProject
Project("{8BC9CEB8-8B4A-11D0-8D11-00A0C91BC942}") = "10-7", "10-7\10-7.vcxproj", "{216C4EA0-0415-469F-B873-129E05E38779}"
EndProject
Project("{8BC9CEB8-8B4A-11D0-8D11-00A0C91BC942}") = "10-8", "10-8\10-8.vcxproj", "{AFADF74C-5FC7-4628-A082-68077325F4E1}"
EndProject
Project("{8BC9CEB8-8B4A-11D0-8D11-00A0C91BC942}") = "10-9", "10-9\10-9.vcxproj", "{C7D40186-AB76-4EAC-9166-C47E2B188CF0}"
EndProject
Project("{8BC9CEB8-8B4A-11D0-8D11-00A0C91BC942}") = "10-10", "10-10\10-10.vcxproj", "{561C86F6-F2B2-4C86-8F1C-C198D2DB6F77}"
EndProject
Project("{8BC9CEB8-8B4A-11D0-8D11-00A0C91BC942}") = "10-11", "10-11\10-11.vcxproj", "{BD9E20A0-3391-4200-9459-79D585F62433}"
EndProject
Project("{8BC9CEB8-8B4A-11D0-8D11-00A0C91BC942}") = "10-12", "10-12\10-12.vcxproj", "{CD2B3275-D1C8-4669-BC96-6853883E1342}"
EndProject
Project("{8BC9CEB8-8B4A-11D0-8D11-00A0C91BC942}") = "10-13", "10-13\10-13.vcxproj", "{5BFD25CB-6EBA-4128-89D5-4185BD8A8013}"
EndProject
Project("{8BC9CEB8-8B4A-11D0-8D11-00A0C91BC942}") = "10-14", "10-14\10-14.vcxproj", "{C64D20D3-FED5-4EB8-9754-6694BEBA85E1}"
EndProject
Project("{8BC9CEB8-8B4A-11D0-8D11-00A0C91BC942}") = "10-15", "10-15\10-15.vcxproj", "{4E59BD89-A298-42CE-A0B7-8CBFA4A1FCF2}"
EndProject
Project("{8BC9CEB8-8B4A-11D0-8D11-00A0C91BC942}") = "10-16", "10-16\10-16.vcxproj", "{1B2BDAEC-101B-4598-B722-F268CAE04AB6}"
EndProject
Global
	GlobalSection(SolutionConfigurationPlatforms) = preSolution
		Debug|x64 = Debug|x64
		Debug|x86 = Debug|x86
		Release|x64 = Release|x64
		Release|x86 = Release|x86
	EndGlobalSection
	GlobalSection(ProjectConfigurationPlatforms) = postSolution
		{D2A431E5-A91C-4298-BEE9-5A7EEB4C7BB8}.Debug|x64.ActiveCfg = Debug|x64
		{D2A431E5-A91C-4298-BEE9-5A7EEB4C7BB8}.Debug|x64.Build.0 = Debug|x64
		{D2A431E5-A91C-4298-BEE9-5A7EEB4C7BB8}.Debug|x86.ActiveCfg = Debug|Win32
		{D2A431E5-A91C-4298-BEE9-5A7EEB4C7BB8}.Debug|x86.Build.0 = Debug|Win32
		{D2A431E5-A91C-4298-BEE9-5A7EEB4C7BB8}.Release|x64.ActiveCfg = Release|x64
		{D2A431E5-A91C-4298-BEE9-5A7EEB4C7BB8}.Release|x64.Build.0 = Release|x64
		{D2A431E5-A91C-4298-BEE9-5A7EEB4C7BB8}.Release|x86.ActiveCfg = Release|Win32
		{D2A431E5-A91C-4298-BEE9-5A7EEB4C7BB8}.Release|x86.Build.0 = Release|Win32
		{BE3B054E-D2BA-4BEC-B7FC-DB5AA603BB8B}.Debug|x64.ActiveCfg = Debug|x64
		{BE3B054E-D2BA-4BEC-B7FC-DB5AA603BB8B}.Debug|x64.Build.0 = Debug|x64
		{BE3B054E-D2BA-4BEC-B7FC-DB5AA603BB8B}.Debug|x86.ActiveCfg = Debug|Win32
		{BE3B054E-D2BA-4BEC-B7FC-DB5AA603BB8B}.Debug|x86.Build.0 = Debug|Win32
		{BE3B054E-D2BA-4BEC-B7FC-DB5AA603BB8B}.Release|x64.ActiveCfg = Release|x64
		{BE3B054E-D2BA-4BEC-B7FC-DB5AA603BB8B}.Release|x64.Build.0 = Release|x64
		{BE3B054E-D2BA-4BEC-B7FC-DB5AA603BB8B}.Release|x86.ActiveCfg = Release|Win32
		{BE3B054E-D2BA-4BEC-B7FC-DB5AA603BB8B}.Release|x86.Build.0 = Release|Win32
		{E321977C-22D2-480D-9EFB-912A943732EC}.Debug|x64.ActiveCfg = Debug|x64
		{E321977C-22D2-480D-9EFB-912A943732EC}.Debug|x64.Build.0 = Debug|x64
		{E321977C-22D2-480D-9EFB-912A943732EC}.Debug|x86.ActiveCfg = Debug|Win32
		{E321977C-22D2-480D-9EFB-912A943732EC}.Debug|x86.Build.0 = Debug|Win32
		{E321977C-22D2-480D-9EFB-912A943732EC}.Release|x64.ActiveCfg = Release|x64
		{E321977C-22D2-480D-9EFB-912A943732EC}.Release|x64.Build.0 = Release|x64
		{E321977C-22D2-480D-9EFB-912A943732EC}.Release|x86.ActiveCfg = Release|Win32
		{E321977C-22D2-480D-9EFB-912A943732EC}.Release|x86.Build.0 = Release|Win32
		{61D5443D-3BEE-4B32-A051-BE02CC2CB922}.Debug|x64.ActiveCfg = Debug|x64
		{61D5443D-3BEE-4B32-A051-BE02CC2CB922}.Debug|x64.Build.0 = Debug|x64
		{61D5443D-3BEE-4B32-A051-BE02CC2CB922}.Debug|x86.ActiveCfg = Debug|Win32
		{61D5443D-3BEE-4B32-A051-BE02CC2CB922}.Debug|x86.Build.0 = Debug|Win32
		{61D5443D-3BEE-4B32-A051-BE02CC2CB922}.Release|x64.ActiveCfg = Release|x64
		{61D5443D-3BEE-4B32-A051-BE02CC2CB922}.Release|x64.Build.0 = Release|x64
		{61D5443D-3BEE-4B32-A051-BE02CC2CB922}.Release|x86.ActiveCfg = Release|Win32
		{61D5443D-3BEE-4B32-A051-BE02CC2CB922}.Release|x86.Build.0 = Release|Win32
		{74034911-EE87-4EB7-96A2-C57F3D90098B}.Debug|x64.ActiveCfg = Debug|x64
		{74034911-EE87-4EB7-96A2-C57F3D90098B}.Debug|x64.Build.0 = Debug|x64
		{74034911-EE87-4EB7-96A2-C57F3D90098B}.Debug|x86.ActiveCfg = Debug|Win32
		{74034911-EE87-4EB7-96A2-C57F3D90098B}.Debug|x86.Build.0 = Debug|Win32
		{74034911-EE87-4EB7-96A2-C57F3D90098B}.Release|x64.ActiveCfg = Release|x64
		{74034911-EE87-4EB7-96A2-C57F3D90098B}.Release|x64.Build.0 = Release|x64
		{74034911-EE87-4EB7-96A2-C57F3D90098B}.Release|x86.ActiveCfg = Release|Win32
		{74034911-EE87-4EB7-96A2-C57F3D90098B}.Release|x86.Build.0 = Release|Win32
		{2838B232-D7EC-4068-81AB-A5EEBC551552}.Debug|x64.ActiveCfg = Debug|x64
		{2838B232-D7EC-4068-81AB-A5EEBC551552}.Debug|x64.Build.0 = Debug|x64
		{2838B232-D7EC-4068-81AB-A5EEBC551552}.Debug|x86.ActiveCfg = Debug|Win32
		{2838B232-D7EC-4068-81AB-A5EEBC551552}.Debug|x86.Build.0 = Debug|Win32
		{2838B232-D7EC-4068-81AB-A5EEBC551552}.Release|x64.ActiveCfg = Release|x64
		{2838B232-D7EC-4068-81AB-A5EEBC551552}.Release|x64.Build.0 = Release|x64
		{2838B232-D7EC-4068-81AB-A5EEBC551552}.Release|x86.ActiveCfg = Release|Win32
		{2838B232-D7EC-4068-81AB-A5EEBC551552}.Release|x86.Build.0 = Release|Win32
		{62A9D8E8-E382-43D7-82E1-A976BD3FE561}.Debug|x64.ActiveCfg = Debug|x64
		{62A9D8E8-E382-43D7-82E1-A976BD3FE561}.Debug|x64.Build.0 = Debug|x64
		{62A9D8E8-E382-43D7-82E1-A976BD3FE561}.Debug|x86.ActiveCfg = Debug|Win32
		{62A9D8E8-E382-43D7-82E1-A976BD3FE561}.Debug|x86.Build.0 = Debug|Win32
		{62A9D8E8-E382-43D7-82E1-A976BD3FE561}.Release|x64.ActiveCfg = Release|x64
		{62A9D8E8-E382-43D7-82E1-A976BD3FE561}.Release|x64.Build.0 = Release|x64
		{62A9D8E8-E382-43D7-82E1-A976BD3FE561}.Release|x86.ActiveCfg = Release|Win32
		{62A9D8E8-E382-43D7-82E1-A976BD3FE561}.Release|x86.Build.0 = Release|Win32
		{216C4EA0-0415-469F-B873-129E05E38779}.Debug|x64.ActiveCfg = Debug|x64
		{216C4EA0-0415-469F-B873-129E05E38779}.Debug|x64.Build.0 = Debug|x64
		{216C4EA0-0415-469F-B873-129E05E38779}.Debug|x86.ActiveCfg = Debug|Win32
		{216C4EA0-0415-469F-B873-129E05E38779}.Debug|x86.Build.0 = Debug|Win32
		{216C4EA0-0415-469F-B873-129E05E38779}.Release|x64.ActiveCfg = Release|x64
		{216C4EA0-0415-469F-B873-129E05E38779}.Release|x64.Build.0 = Release|x64
		{216C4EA0-0415-469F-B873-129E05E38779}.Release|x86.ActiveCfg = Release|Win32
		{216C4EA0-0415-469F-B873-129E05E38779}.Release|x86.Build.0 = Release|Win32
		{AFADF74C-5FC7-4628-A082-68077325F4E1}.Debug|x64.ActiveCfg = Debug|x64
		{AFADF74C-5FC7-4628-A082-68077325F4E1}.Debug|x64.Build.0 = Debug|x64
		{AFADF74C-5FC7-4628-A082-68077325F4E1}.Debug|x86.ActiveCfg = Debug|Win32
		{AFADF74C-5FC7-4628-A082-68077325F4E1}.Debug|x86.Build.0 = Debug|Win32
		{AFADF74C-5FC7-4628-A082-68077325F4E1}.Release|x64.ActiveCfg = Release|x64
		{AFADF74C-5FC7-4628-A082-68077325F4E1}.Release|x64.Build.0 = Release|x64
		{AFADF74C-5FC7-4628-A082-68077325F4E1}.Release|x86.ActiveCfg = Release|Win32
		{AFADF74C-5FC7-4628-A082-68077325F4E1}.Release|x86.Build.0 = Release|Win32
		{C7D40186-AB76-4EAC-9166-C47E2B188CF0}.Debug|x64.ActiveCfg = Debug|x64
		{C7D40186-AB76-4EAC-9166-C47E2B188CF0}.Debug|x64.Build.0 = Debug|x64
		{C7D40186-AB76-4EAC-9166-C47E2B188CF0}.Debug|x86.ActiveCfg = Debug|Win32
		{C7D40186-AB76-4EAC-9166-C47E2B188CF0}.Debug|x86.Build.0 = Debug|Win32
		{C7D40186-AB76-4EAC-9166-C47E2B188CF0}.Release|x64.ActiveCfg = Release|x64
		{C7D40186-AB76-4EAC-9166-C47E2B188CF0}.Release|x64.Build.0 = Release|x64
		{C7D40186-AB76-4EAC-9166-C47E2B188CF0}.Release|x86.ActiveCfg = Release|Win32
		{C7D40186-AB76-4EAC-9166-C47E2B188CF0}.Release|x86.Build.0 = Release|Win32
		{561C86F6-F2B2-4C86-8F1C-C198D2DB6F77}.Debug|x64.ActiveCfg = Debug|x64
		{561C86F6-F2B2-4C86-8F1C-C198D2DB6F77}.Debug|x64.Build.0 = Debug|x64
		{561C86F6-F2B2-4C86-8F1C-C198D2DB6F77}.Debug|x86.ActiveCfg = Debug|Win32
		{561C86F6-F2B2-4C86-8F1C-C198D2DB6F77}.Debug|x86.Build.0 = Debug|Win32
		{561C86F6-F2B2-4C86-8F1C-C198D2DB6F77}.Release|x64.ActiveCfg = Release|x64
		{561C86F6-F2B2-4C86-8F1C-C198D2DB6F77}.Release|x64.Build.0 = Release|x64
		{561C86F6-F2B2-4C86-8F1C-C198D2DB6F77}.Release|x86.ActiveCfg = Release|Win32
		{561C86F6-F2B2-4C86-8F1C-C198D2DB6F77}.Release|x86.Build.0 = Release|Win32
		{BD9E20A0-3391-4200-9459-79D585F62433}.Debug|x64.ActiveCfg = Debug|x64
		{BD9E20A0-3391-4200-9459-79D585F62433}.Debug|x64.Build.0 = Debug|x64
		{BD9E20A0-3391-4200-9459-79D585F62433}.Debug|x86.ActiveCfg = Debug|Win32
		{BD9E20A0-3391-4200-9459-79D585F62433}.Debug|x86.Build.0 = Debug|Win32
		{BD9E20A0-3391-4200-9459-79D585F62433}.Release|x64.ActiveCfg = Release|x64
		{BD9E20A0-3391-4200-9459-79D585F62433}.Release|x64.Build.0 = Release|x64
		{BD9E20A0-3391-4200-9459-79D585F62433}.Release|x86.ActiveCfg = Release|Win32
		{BD9E20A0-3391-4200-9459-79D585F62433}.Release|x86.Build.0 = Release|Win32
		{CD2B3275-D1C8-4669-BC96-6853883E1342}.Debug|x64.ActiveCfg = Debug|x64
		{CD2B3275-D1C8-4669-BC96-6853883E1342}.Debug|x64.Build.0 = Debug|x64
		{CD2B3275-D1C8-4669-BC96-6853883E1342}.Debug|x86.ActiveCfg = Debug|Win32
		{CD2B3275-D1C8-4669-BC96-6853883E1342}.Debug|x86.Build.0 = Debug|Win32
		{CD2B3275-D1C8-4669-BC96-6853883E1342}.Release|x64.ActiveCfg = Release|x64
		{CD2B3275-D1C8-4669-BC96-6853883E1342}.Release|x64.Build.0 = Release|x64
		{CD2B3275-D1C8-4669-BC96-6853883E1342}.Release|x86.ActiveCfg = Release|Win32
		{CD2B3275-D1C8-4669-BC96-6853883E1342}.Release|x86.Build.0 = Release|Win32
		{5BFD25CB-6EBA-4128-89D5-4185BD8A8013}.Debug|x64.ActiveCfg = Debug|x64
		{5BFD25CB-6EBA-4128-89D5-4185BD8A8013}.Debug|x64.Build.0 = Debug|x64
		{5BFD25CB-6EBA-4128-89D5-4185BD8A8013}.Debug|x86.ActiveCfg = Debug|Win32
		{5BFD25CB-6EBA-4128-89D5-4185BD8A8013}.Debug|x86.Build.0 = Debug|Win32
		{5BFD25CB-6EBA-4128-89D5-4185BD8A8013}.Release|x64.ActiveCfg = Release|x64
		{5BFD25CB-6EBA-4128-89D5-4185BD8A8013}.Release|x64.Build.0 = Release|x64
		{5BFD25CB-6EBA-4128-89D5-4185BD8A8013}.Release|x86.ActiveCfg = Release|Win32
		{5BFD25CB-6EBA-4128-89D5-4185BD8A8013}.Release|x86.Build.0 = Release|Win32
		{C64D20D3-FED5-4EB8-9754-6694BEBA85E1}.Debug|x64.ActiveCfg = Debug|x64
		{C64D20D3-FED5-4EB8-9754-6694BEBA85E1}.Debug|x64.Build.0 = Debug|x64
		{C64D20D3-FED5-4EB8-9754-6694BEBA85E1}.Debug|x86.ActiveCfg = Debug|Win32
		{C64D20D3-FED5-4EB8-9754-6694BEBA85E1}.Debug|x86.Build.0 = Debug|Win32
		{C64D20D3-FED5-4EB8-9754-6694BEBA85E1}.Release|x64.ActiveCfg = Release|x64
		{C64D20D3-FED5-4EB8-9754-6694BEBA85E1}.Release|x64.Build.0 = Release|x64
		{C64D20D3-FED5-4EB8-9754-6694BEBA85E1}.Release|x86.ActiveCfg = Release|Win32
		{C64D20D3-FED5-4EB8-9754-6694BEBA85E1}.Release|x86.Build.0 = Release|Win32
		{4E59BD89-A298-42CE-A0B7-8CBFA4A1FCF2}.Debug|x64.ActiveCfg = Debug|x64
		{4E59BD89-A298-42CE-A0B7-8CBFA4A1FCF2}.Debug|x64.Build.0 = Debug|x64
		{4E59BD89-A298-42CE-A0B7-8CBFA4A1FCF2}.Debug|x86.ActiveCfg = Debug|Win32
		{4E59BD89-A298-42CE-A0B7-8CBFA4A1FCF2}.Debug|x86.Build.0 = Debug|Win32
		{4E59BD89-A298-42CE-A0B7-8CBFA4A1FCF2}.Release|x64.ActiveCfg = Release|x64
		{4E59BD89-A298-42CE-A0B7-8CBFA4A1FCF2}.Release|x64.Build.0 = Release|x64
		{4E59BD89-A298-42CE-A0B7-8CBFA4A1FCF2}.Release|x86.ActiveCfg = Release|Win32
		{4E59BD89-A298-42CE-A0B7-8CBFA4A1FCF2}.Release|x86.Build.0 = Release|Win32
		{1B2BDAEC-101B-4598-B722-F268CAE04AB6}.Debug|x64.ActiveCfg = Debug|x64
		{1B2BDAEC-101B-4598-B722-F268CAE04AB6}.Debug|x64.Build.0 = Debug|x64
		{1B2BDAEC-101B-4598-B722-F268CAE04AB6}.Debug|x86.ActiveCfg = Debug|Win32
		{1B2BDAEC-101B-4598-B722-F268CAE04AB6}.Debug|x86.Build.0 = Debug|Win32
		{1B2BDAEC-101B-4598-B722-F268CAE04AB6}.Release|x64.ActiveCfg = Release|x64
		{1B2BDAEC-101B-4598-B722-F268CAE04AB6}.Release|x64.Build.0 = Release|x64
		{1B2BDAEC-101B-4598-B722-F268CAE04AB6}.Release|x86.ActiveCfg = Release|Win32
		{1B2BDAEC-101B-4598-B722-F268CAE04AB6}.Release|x86.Build.0 = Release|Win32
	EndGlobalSection
	GlobalSection(SolutionProperties) = preSolution
		HideSolutionNode = FALSE
	EndGlobalSection
	GlobalSection(ExtensibilityGlobals) = postSolution
		SolutionGuid = {41705D38-C527-45B6-9BEE-B2676A46326D}
	EndGlobalSection
EndGlobal
