
Microsoft Visual Studio Solution File, Format Version 12.00
# Visual Studio Version 17
VisualStudioVersion = 17.10.34916.146
MinimumVisualStudioVersion = 10.0.40219.1
Project("{8BC9CEB8-8B4A-11D0-8D11-00A0C91BC942}") = "Challenge", "Challenge\Challenge.vcxproj", "{33DDF9AB-7A0E-473D-944A-C45C898AAD78}"
EndProject
Project("{8BC9CEB8-8B4A-11D0-8D11-00A0C91BC942}") = "4-1", "4-1\4-1.vcxproj", "{F7508234-8C69-4184-981A-BB89FAAB967E}"
EndProject
Project("{8BC9CEB8-8B4A-11D0-8D11-00A0C91BC942}") = "4-2", "4-2\4-2.vcxproj", "{1B22CFEB-CE07-49CD-8DF6-7C0FD98A4A17}"
EndProject
Project("{8BC9CEB8-8B4A-11D0-8D11-00A0C91BC942}") = "4-3", "4-3\4-3.vcxproj", "{ABACEE9F-CC66-4BAF-8BE2-8E7774689E25}"
EndProject
Project("{8BC9CEB8-8B4A-11D0-8D11-00A0C91BC942}") = "4-4", "4-4\4-4.vcxproj", "{3CCF34D6-3065-4629-BCAF-C98E9E43155B}"
EndProject
Project("{8BC9CEB8-8B4A-11D0-8D11-00A0C91BC942}") = "4-5", "4-5\4-5.vcxproj", "{D5C36A53-25B4-4B65-A105-ACEE34441EBA}"
EndProject
Project("{8BC9CEB8-8B4A-11D0-8D11-00A0C91BC942}") = "4-6", "4-6\4-6.vcxproj", "{BFEC5B87-07E3-4BFC-8DB5-22A7BA380239}"
EndProject
Project("{8BC9CEB8-8B4A-11D0-8D11-00A0C91BC942}") = "4-7", "4-7\4-7.vcxproj", "{F0DD86F2-2F2E-46A7-8F6B-59E6118EA4DA}"
EndProject
Project("{8BC9CEB8-8B4A-11D0-8D11-00A0C91BC942}") = "4-8", "4-8\4-8.vcxproj", "{101D377E-5282-4604-8E93-6DB5BA225C8E}"
EndProject
Project("{8BC9CEB8-8B4A-11D0-8D11-00A0C91BC942}") = "4-9", "4-9\4-9.vcxproj", "{C2F72D6F-A6C7-4FC4-8EA6-0AB5E702FCEF}"
EndProject
Project("{8BC9CEB8-8B4A-11D0-8D11-00A0C91BC942}") = "4-10", "4-10\4-10.vcxproj", "{B1E4CD02-1DC0-49F0-BCB3-1C97C5A6EA6A}"
EndProject
Project("{8BC9CEB8-8B4A-11D0-8D11-00A0C91BC942}") = "4-11", "4-11\4-11.vcxproj", "{63C94A4A-BD53-4DD0-A2EC-07C4E448386B}"
EndProject
Project("{8BC9CEB8-8B4A-11D0-8D11-00A0C91BC942}") = "4-12", "4-12\4-12.vcxproj", "{84FC34D7-6001-4284-A69A-327B97244D0A}"
EndProject
Project("{8BC9CEB8-8B4A-11D0-8D11-00A0C91BC942}") = "4-13", "4-13\4-13.vcxproj", "{C5274A99-0E16-45A8-8E25-1B4AC9DDAD42}"
EndProject
Project("{8BC9CEB8-8B4A-11D0-8D11-00A0C91BC942}") = "4-14", "4-14\4-14.vcxproj", "{54614FDD-6632-4043-AA42-4BB999C066E6}"
EndProject
Global
	GlobalSection(SolutionConfigurationPlatforms) = preSolution
		Debug|x64 = Debug|x64
		Debug|x86 = Debug|x86
		Release|x64 = Release|x64
		Release|x86 = Release|x86
	EndGlobalSection
	GlobalSection(ProjectConfigurationPlatforms) = postSolution
		{33DDF9AB-7A0E-473D-944A-C45C898AAD78}.Debug|x64.ActiveCfg = Debug|x64
		{33DDF9AB-7A0E-473D-944A-C45C898AAD78}.Debug|x64.Build.0 = Debug|x64
		{33DDF9AB-7A0E-473D-944A-C45C898AAD78}.Debug|x86.ActiveCfg = Debug|Win32
		{33DDF9AB-7A0E-473D-944A-C45C898AAD78}.Debug|x86.Build.0 = Debug|Win32
		{33DDF9AB-7A0E-473D-944A-C45C898AAD78}.Release|x64.ActiveCfg = Release|x64
		{33DDF9AB-7A0E-473D-944A-C45C898AAD78}.Release|x64.Build.0 = Release|x64
		{33DDF9AB-7A0E-473D-944A-C45C898AAD78}.Release|x86.ActiveCfg = Release|Win32
		{33DDF9AB-7A0E-473D-944A-C45C898AAD78}.Release|x86.Build.0 = Release|Win32
		{F7508234-8C69-4184-981A-BB89FAAB967E}.Debug|x64.ActiveCfg = Debug|x64
		{F7508234-8C69-4184-981A-BB89FAAB967E}.Debug|x64.Build.0 = Debug|x64
		{F7508234-8C69-4184-981A-BB89FAAB967E}.Debug|x86.ActiveCfg = Debug|Win32
		{F7508234-8C69-4184-981A-BB89FAAB967E}.Debug|x86.Build.0 = Debug|Win32
		{F7508234-8C69-4184-981A-BB89FAAB967E}.Release|x64.ActiveCfg = Release|x64
		{F7508234-8C69-4184-981A-BB89FAAB967E}.Release|x64.Build.0 = Release|x64
		{F7508234-8C69-4184-981A-BB89FAAB967E}.Release|x86.ActiveCfg = Release|Win32
		{F7508234-8C69-4184-981A-BB89FAAB967E}.Release|x86.Build.0 = Release|Win32
		{1B22CFEB-CE07-49CD-8DF6-7C0FD98A4A17}.Debug|x64.ActiveCfg = Debug|x64
		{1B22CFEB-CE07-49CD-8DF6-7C0FD98A4A17}.Debug|x64.Build.0 = Debug|x64
		{1B22CFEB-CE07-49CD-8DF6-7C0FD98A4A17}.Debug|x86.ActiveCfg = Debug|Win32
		{1B22CFEB-CE07-49CD-8DF6-7C0FD98A4A17}.Debug|x86.Build.0 = Debug|Win32
		{1B22CFEB-CE07-49CD-8DF6-7C0FD98A4A17}.Release|x64.ActiveCfg = Release|x64
		{1B22CFEB-CE07-49CD-8DF6-7C0FD98A4A17}.Release|x64.Build.0 = Release|x64
		{1B22CFEB-CE07-49CD-8DF6-7C0FD98A4A17}.Release|x86.ActiveCfg = Release|Win32
		{1B22CFEB-CE07-49CD-8DF6-7C0FD98A4A17}.Release|x86.Build.0 = Release|Win32
		{ABACEE9F-CC66-4BAF-8BE2-8E7774689E25}.Debug|x64.ActiveCfg = Debug|x64
		{ABACEE9F-CC66-4BAF-8BE2-8E7774689E25}.Debug|x64.Build.0 = Debug|x64
		{ABACEE9F-CC66-4BAF-8BE2-8E7774689E25}.Debug|x86.ActiveCfg = Debug|Win32
		{ABACEE9F-CC66-4BAF-8BE2-8E7774689E25}.Debug|x86.Build.0 = Debug|Win32
		{ABACEE9F-CC66-4BAF-8BE2-8E7774689E25}.Release|x64.ActiveCfg = Release|x64
		{ABACEE9F-CC66-4BAF-8BE2-8E7774689E25}.Release|x64.Build.0 = Release|x64
		{ABACEE9F-CC66-4BAF-8BE2-8E7774689E25}.Release|x86.ActiveCfg = Release|Win32
		{ABACEE9F-CC66-4BAF-8BE2-8E7774689E25}.Release|x86.Build.0 = Release|Win32
		{3CCF34D6-3065-4629-BCAF-C98E9E43155B}.Debug|x64.ActiveCfg = Debug|x64
		{3CCF34D6-3065-4629-BCAF-C98E9E43155B}.Debug|x64.Build.0 = Debug|x64
		{3CCF34D6-3065-4629-BCAF-C98E9E43155B}.Debug|x86.ActiveCfg = Debug|Win32
		{3CCF34D6-3065-4629-BCAF-C98E9E43155B}.Debug|x86.Build.0 = Debug|Win32
		{3CCF34D6-3065-4629-BCAF-C98E9E43155B}.Release|x64.ActiveCfg = Release|x64
		{3CCF34D6-3065-4629-BCAF-C98E9E43155B}.Release|x64.Build.0 = Release|x64
		{3CCF34D6-3065-4629-BCAF-C98E9E43155B}.Release|x86.ActiveCfg = Release|Win32
		{3CCF34D6-3065-4629-BCAF-C98E9E43155B}.Release|x86.Build.0 = Release|Win32
		{D5C36A53-25B4-4B65-A105-ACEE34441EBA}.Debug|x64.ActiveCfg = Debug|x64
		{D5C36A53-25B4-4B65-A105-ACEE34441EBA}.Debug|x64.Build.0 = Debug|x64
		{D5C36A53-25B4-4B65-A105-ACEE34441EBA}.Debug|x86.ActiveCfg = Debug|Win32
		{D5C36A53-25B4-4B65-A105-ACEE34441EBA}.Debug|x86.Build.0 = Debug|Win32
		{D5C36A53-25B4-4B65-A105-ACEE34441EBA}.Release|x64.ActiveCfg = Release|x64
		{D5C36A53-25B4-4B65-A105-ACEE34441EBA}.Release|x64.Build.0 = Release|x64
		{D5C36A53-25B4-4B65-A105-ACEE34441EBA}.Release|x86.ActiveCfg = Release|Win32
		{D5C36A53-25B4-4B65-A105-ACEE34441EBA}.Release|x86.Build.0 = Release|Win32
		{BFEC5B87-07E3-4BFC-8DB5-22A7BA380239}.Debug|x64.ActiveCfg = Debug|x64
		{BFEC5B87-07E3-4BFC-8DB5-22A7BA380239}.Debug|x64.Build.0 = Debug|x64
		{BFEC5B87-07E3-4BFC-8DB5-22A7BA380239}.Debug|x86.ActiveCfg = Debug|Win32
		{BFEC5B87-07E3-4BFC-8DB5-22A7BA380239}.Debug|x86.Build.0 = Debug|Win32
		{BFEC5B87-07E3-4BFC-8DB5-22A7BA380239}.Release|x64.ActiveCfg = Release|x64
		{BFEC5B87-07E3-4BFC-8DB5-22A7BA380239}.Release|x64.Build.0 = Release|x64
		{BFEC5B87-07E3-4BFC-8DB5-22A7BA380239}.Release|x86.ActiveCfg = Release|Win32
		{BFEC5B87-07E3-4BFC-8DB5-22A7BA380239}.Release|x86.Build.0 = Release|Win32
		{F0DD86F2-2F2E-46A7-8F6B-59E6118EA4DA}.Debug|x64.ActiveCfg = Debug|x64
		{F0DD86F2-2F2E-46A7-8F6B-59E6118EA4DA}.Debug|x64.Build.0 = Debug|x64
		{F0DD86F2-2F2E-46A7-8F6B-59E6118EA4DA}.Debug|x86.ActiveCfg = Debug|Win32
		{F0DD86F2-2F2E-46A7-8F6B-59E6118EA4DA}.Debug|x86.Build.0 = Debug|Win32
		{F0DD86F2-2F2E-46A7-8F6B-59E6118EA4DA}.Release|x64.ActiveCfg = Release|x64
		{F0DD86F2-2F2E-46A7-8F6B-59E6118EA4DA}.Release|x64.Build.0 = Release|x64
		{F0DD86F2-2F2E-46A7-8F6B-59E6118EA4DA}.Release|x86.ActiveCfg = Release|Win32
		{F0DD86F2-2F2E-46A7-8F6B-59E6118EA4DA}.Release|x86.Build.0 = Release|Win32
		{101D377E-5282-4604-8E93-6DB5BA225C8E}.Debug|x64.ActiveCfg = Debug|x64
		{101D377E-5282-4604-8E93-6DB5BA225C8E}.Debug|x64.Build.0 = Debug|x64
		{101D377E-5282-4604-8E93-6DB5BA225C8E}.Debug|x86.ActiveCfg = Debug|Win32
		{101D377E-5282-4604-8E93-6DB5BA225C8E}.Debug|x86.Build.0 = Debug|Win32
		{101D377E-5282-4604-8E93-6DB5BA225C8E}.Release|x64.ActiveCfg = Release|x64
		{101D377E-5282-4604-8E93-6DB5BA225C8E}.Release|x64.Build.0 = Release|x64
		{101D377E-5282-4604-8E93-6DB5BA225C8E}.Release|x86.ActiveCfg = Release|Win32
		{101D377E-5282-4604-8E93-6DB5BA225C8E}.Release|x86.Build.0 = Release|Win32
		{C2F72D6F-A6C7-4FC4-8EA6-0AB5E702FCEF}.Debug|x64.ActiveCfg = Debug|x64
		{C2F72D6F-A6C7-4FC4-8EA6-0AB5E702FCEF}.Debug|x64.Build.0 = Debug|x64
		{C2F72D6F-A6C7-4FC4-8EA6-0AB5E702FCEF}.Debug|x86.ActiveCfg = Debug|Win32
		{C2F72D6F-A6C7-4FC4-8EA6-0AB5E702FCEF}.Debug|x86.Build.0 = Debug|Win32
		{C2F72D6F-A6C7-4FC4-8EA6-0AB5E702FCEF}.Release|x64.ActiveCfg = Release|x64
		{C2F72D6F-A6C7-4FC4-8EA6-0AB5E702FCEF}.Release|x64.Build.0 = Release|x64
		{C2F72D6F-A6C7-4FC4-8EA6-0AB5E702FCEF}.Release|x86.ActiveCfg = Release|Win32
		{C2F72D6F-A6C7-4FC4-8EA6-0AB5E702FCEF}.Release|x86.Build.0 = Release|Win32
		{B1E4CD02-1DC0-49F0-BCB3-1C97C5A6EA6A}.Debug|x64.ActiveCfg = Debug|x64
		{B1E4CD02-1DC0-49F0-BCB3-1C97C5A6EA6A}.Debug|x64.Build.0 = Debug|x64
		{B1E4CD02-1DC0-49F0-BCB3-1C97C5A6EA6A}.Debug|x86.ActiveCfg = Debug|Win32
		{B1E4CD02-1DC0-49F0-BCB3-1C97C5A6EA6A}.Debug|x86.Build.0 = Debug|Win32
		{B1E4CD02-1DC0-49F0-BCB3-1C97C5A6EA6A}.Release|x64.ActiveCfg = Release|x64
		{B1E4CD02-1DC0-49F0-BCB3-1C97C5A6EA6A}.Release|x64.Build.0 = Release|x64
		{B1E4CD02-1DC0-49F0-BCB3-1C97C5A6EA6A}.Release|x86.ActiveCfg = Release|Win32
		{B1E4CD02-1DC0-49F0-BCB3-1C97C5A6EA6A}.Release|x86.Build.0 = Release|Win32
		{63C94A4A-BD53-4DD0-A2EC-07C4E448386B}.Debug|x64.ActiveCfg = Debug|x64
		{63C94A4A-BD53-4DD0-A2EC-07C4E448386B}.Debug|x64.Build.0 = Debug|x64
		{63C94A4A-BD53-4DD0-A2EC-07C4E448386B}.Debug|x86.ActiveCfg = Debug|Win32
		{63C94A4A-BD53-4DD0-A2EC-07C4E448386B}.Debug|x86.Build.0 = Debug|Win32
		{63C94A4A-BD53-4DD0-A2EC-07C4E448386B}.Release|x64.ActiveCfg = Release|x64
		{63C94A4A-BD53-4DD0-A2EC-07C4E448386B}.Release|x64.Build.0 = Release|x64
		{63C94A4A-BD53-4DD0-A2EC-07C4E448386B}.Release|x86.ActiveCfg = Release|Win32
		{63C94A4A-BD53-4DD0-A2EC-07C4E448386B}.Release|x86.Build.0 = Release|Win32
		{84FC34D7-6001-4284-A69A-327B97244D0A}.Debug|x64.ActiveCfg = Debug|x64
		{84FC34D7-6001-4284-A69A-327B97244D0A}.Debug|x64.Build.0 = Debug|x64
		{84FC34D7-6001-4284-A69A-327B97244D0A}.Debug|x86.ActiveCfg = Debug|Win32
		{84FC34D7-6001-4284-A69A-327B97244D0A}.Debug|x86.Build.0 = Debug|Win32
		{84FC34D7-6001-4284-A69A-327B97244D0A}.Release|x64.ActiveCfg = Release|x64
		{84FC34D7-6001-4284-A69A-327B97244D0A}.Release|x64.Build.0 = Release|x64
		{84FC34D7-6001-4284-A69A-327B97244D0A}.Release|x86.ActiveCfg = Release|Win32
		{84FC34D7-6001-4284-A69A-327B97244D0A}.Release|x86.Build.0 = Release|Win32
		{C5274A99-0E16-45A8-8E25-1B4AC9DDAD42}.Debug|x64.ActiveCfg = Debug|x64
		{C5274A99-0E16-45A8-8E25-1B4AC9DDAD42}.Debug|x64.Build.0 = Debug|x64
		{C5274A99-0E16-45A8-8E25-1B4AC9DDAD42}.Debug|x86.ActiveCfg = Debug|Win32
		{C5274A99-0E16-45A8-8E25-1B4AC9DDAD42}.Debug|x86.Build.0 = Debug|Win32
		{C5274A99-0E16-45A8-8E25-1B4AC9DDAD42}.Release|x64.ActiveCfg = Release|x64
		{C5274A99-0E16-45A8-8E25-1B4AC9DDAD42}.Release|x64.Build.0 = Release|x64
		{C5274A99-0E16-45A8-8E25-1B4AC9DDAD42}.Release|x86.ActiveCfg = Release|Win32
		{C5274A99-0E16-45A8-8E25-1B4AC9DDAD42}.Release|x86.Build.0 = Release|Win32
		{54614FDD-6632-4043-AA42-4BB999C066E6}.Debug|x64.ActiveCfg = Debug|x64
		{54614FDD-6632-4043-AA42-4BB999C066E6}.Debug|x64.Build.0 = Debug|x64
		{54614FDD-6632-4043-AA42-4BB999C066E6}.Debug|x86.ActiveCfg = Debug|Win32
		{54614FDD-6632-4043-AA42-4BB999C066E6}.Debug|x86.Build.0 = Debug|Win32
		{54614FDD-6632-4043-AA42-4BB999C066E6}.Release|x64.ActiveCfg = Release|x64
		{54614FDD-6632-4043-AA42-4BB999C066E6}.Release|x64.Build.0 = Release|x64
		{54614FDD-6632-4043-AA42-4BB999C066E6}.Release|x86.ActiveCfg = Release|Win32
		{54614FDD-6632-4043-AA42-4BB999C066E6}.Release|x86.Build.0 = Release|Win32
	EndGlobalSection
	GlobalSection(SolutionProperties) = preSolution
		HideSolutionNode = FALSE
	EndGlobalSection
	GlobalSection(ExtensibilityGlobals) = postSolution
		SolutionGuid = {0622309B-2DBE-49F4-8E51-DA63F5B37DDF}
	EndGlobalSection
EndGlobal
