
Microsoft Visual Studio Solution File, Format Version 12.00
# Visual Studio Version 17
VisualStudioVersion = 17.10.34916.146
MinimumVisualStudioVersion = 10.0.40219.1
Project("{8BC9CEB8-8B4A-11D0-8D11-00A0C91BC942}") = "Challenge", "Challenge\Challenge.vcxproj", "{E1993749-BAA8-4918-BC3C-F21ED95B1912}"
EndProject
Project("{8BC9CEB8-8B4A-11D0-8D11-00A0C91BC942}") = "7-1", "7-1\7-1.vcxproj", "{FA6248B8-68BF-4DCD-8E57-28C3A6354451}"
EndProject
Project("{8BC9CEB8-8B4A-11D0-8D11-00A0C91BC942}") = "7-2", "7-2\7-2.vcxproj", "{39CFC4E1-5699-4A20-B7C9-DDD59B74DE70}"
EndProject
Project("{8BC9CEB8-8B4A-11D0-8D11-00A0C91BC942}") = "7-3", "7-3\7-3.vcxproj", "{8390FFC4-FF65-4063-991F-AA984DFD8146}"
EndProject
Project("{8BC9CEB8-8B4A-11D0-8D11-00A0C91BC942}") = "7-4", "7-4\7-4.vcxproj", "{3EFAE298-2434-48C8-87A6-87C3DBB673A7}"
EndProject
Project("{8BC9CEB8-8B4A-11D0-8D11-00A0C91BC942}") = "7-5", "7-5\7-5.vcxproj", "{854F923E-213E-4306-9BEC-CEB1A666F5F1}"
EndProject
Project("{8BC9CEB8-8B4A-11D0-8D11-00A0C91BC942}") = "7-6", "7-6\7-6.vcxproj", "{82C4A23D-3510-45FE-92DA-7F819EB3C3E9}"
EndProject
Project("{8BC9CEB8-8B4A-11D0-8D11-00A0C91BC942}") = "7-7", "7-7\7-7.vcxproj", "{51D73D84-8951-4EFC-B2EE-E84D5E0FE260}"
EndProject
Project("{8BC9CEB8-8B4A-11D0-8D11-00A0C91BC942}") = "7-8", "7-8\7-8.vcxproj", "{F1CB39D8-EBF3-4746-90BD-C158CAFE018D}"
EndProject
Project("{8BC9CEB8-8B4A-11D0-8D11-00A0C91BC942}") = "7-9", "7-9\7-9.vcxproj", "{1409BA18-1BB7-4DF7-8233-9D794826B4A5}"
EndProject
Project("{8BC9CEB8-8B4A-11D0-8D11-00A0C91BC942}") = "7-10", "7-10\7-10.vcxproj", "{762D7602-A808-4C57-987C-8FC039F95989}"
EndProject
Project("{8BC9CEB8-8B4A-11D0-8D11-00A0C91BC942}") = "7-11", "7-11\7-11.vcxproj", "{5B281266-3FA6-4A14-B85C-A347A2ACC0F6}"
EndProject
Project("{8BC9CEB8-8B4A-11D0-8D11-00A0C91BC942}") = "7-12", "7-12\7-12.vcxproj", "{2F670B07-7254-45CB-9CCF-623353A50039}"
EndProject
Global
	GlobalSection(SolutionConfigurationPlatforms) = preSolution
		Debug|x64 = Debug|x64
		Debug|x86 = Debug|x86
		Release|x64 = Release|x64
		Release|x86 = Release|x86
	EndGlobalSection
	GlobalSection(ProjectConfigurationPlatforms) = postSolution
		{E1993749-BAA8-4918-BC3C-F21ED95B1912}.Debug|x64.ActiveCfg = Debug|x64
		{E1993749-BAA8-4918-BC3C-F21ED95B1912}.Debug|x64.Build.0 = Debug|x64
		{E1993749-BAA8-4918-BC3C-F21ED95B1912}.Debug|x86.ActiveCfg = Debug|Win32
		{E1993749-BAA8-4918-BC3C-F21ED95B1912}.Debug|x86.Build.0 = Debug|Win32
		{E1993749-BAA8-4918-BC3C-F21ED95B1912}.Release|x64.ActiveCfg = Release|x64
		{E1993749-BAA8-4918-BC3C-F21ED95B1912}.Release|x64.Build.0 = Release|x64
		{E1993749-BAA8-4918-BC3C-F21ED95B1912}.Release|x86.ActiveCfg = Release|Win32
		{E1993749-BAA8-4918-BC3C-F21ED95B1912}.Release|x86.Build.0 = Release|Win32
		{FA6248B8-68BF-4DCD-8E57-28C3A6354451}.Debug|x64.ActiveCfg = Debug|x64
		{FA6248B8-68BF-4DCD-8E57-28C3A6354451}.Debug|x64.Build.0 = Debug|x64
		{FA6248B8-68BF-4DCD-8E57-28C3A6354451}.Debug|x86.ActiveCfg = Debug|Win32
		{FA6248B8-68BF-4DCD-8E57-28C3A6354451}.Debug|x86.Build.0 = Debug|Win32
		{FA6248B8-68BF-4DCD-8E57-28C3A6354451}.Release|x64.ActiveCfg = Release|x64
		{FA6248B8-68BF-4DCD-8E57-28C3A6354451}.Release|x64.Build.0 = Release|x64
		{FA6248B8-68BF-4DCD-8E57-28C3A6354451}.Release|x86.ActiveCfg = Release|Win32
		{FA6248B8-68BF-4DCD-8E57-28C3A6354451}.Release|x86.Build.0 = Release|Win32
		{39CFC4E1-5699-4A20-B7C9-DDD59B74DE70}.Debug|x64.ActiveCfg = Debug|x64
		{39CFC4E1-5699-4A20-B7C9-DDD59B74DE70}.Debug|x64.Build.0 = Debug|x64
		{39CFC4E1-5699-4A20-B7C9-DDD59B74DE70}.Debug|x86.ActiveCfg = Debug|Win32
		{39CFC4E1-5699-4A20-B7C9-DDD59B74DE70}.Debug|x86.Build.0 = Debug|Win32
		{39CFC4E1-5699-4A20-B7C9-DDD59B74DE70}.Release|x64.ActiveCfg = Release|x64
		{39CFC4E1-5699-4A20-B7C9-DDD59B74DE70}.Release|x64.Build.0 = Release|x64
		{39CFC4E1-5699-4A20-B7C9-DDD59B74DE70}.Release|x86.ActiveCfg = Release|Win32
		{39CFC4E1-5699-4A20-B7C9-DDD59B74DE70}.Release|x86.Build.0 = Release|Win32
		{8390FFC4-FF65-4063-991F-AA984DFD8146}.Debug|x64.ActiveCfg = Debug|x64
		{8390FFC4-FF65-4063-991F-AA984DFD8146}.Debug|x64.Build.0 = Debug|x64
		{8390FFC4-FF65-4063-991F-AA984DFD8146}.Debug|x86.ActiveCfg = Debug|Win32
		{8390FFC4-FF65-4063-991F-AA984DFD8146}.Debug|x86.Build.0 = Debug|Win32
		{8390FFC4-FF65-4063-991F-AA984DFD8146}.Release|x64.ActiveCfg = Release|x64
		{8390FFC4-FF65-4063-991F-AA984DFD8146}.Release|x64.Build.0 = Release|x64
		{8390FFC4-FF65-4063-991F-AA984DFD8146}.Release|x86.ActiveCfg = Release|Win32
		{8390FFC4-FF65-4063-991F-AA984DFD8146}.Release|x86.Build.0 = Release|Win32
		{3EFAE298-2434-48C8-87A6-87C3DBB673A7}.Debug|x64.ActiveCfg = Debug|x64
		{3EFAE298-2434-48C8-87A6-87C3DBB673A7}.Debug|x64.Build.0 = Debug|x64
		{3EFAE298-2434-48C8-87A6-87C3DBB673A7}.Debug|x86.ActiveCfg = Debug|Win32
		{3EFAE298-2434-48C8-87A6-87C3DBB673A7}.Debug|x86.Build.0 = Debug|Win32
		{3EFAE298-2434-48C8-87A6-87C3DBB673A7}.Release|x64.ActiveCfg = Release|x64
		{3EFAE298-2434-48C8-87A6-87C3DBB673A7}.Release|x64.Build.0 = Release|x64
		{3EFAE298-2434-48C8-87A6-87C3DBB673A7}.Release|x86.ActiveCfg = Release|Win32
		{3EFAE298-2434-48C8-87A6-87C3DBB673A7}.Release|x86.Build.0 = Release|Win32
		{854F923E-213E-4306-9BEC-CEB1A666F5F1}.Debug|x64.ActiveCfg = Debug|x64
		{854F923E-213E-4306-9BEC-CEB1A666F5F1}.Debug|x64.Build.0 = Debug|x64
		{854F923E-213E-4306-9BEC-CEB1A666F5F1}.Debug|x86.ActiveCfg = Debug|Win32
		{854F923E-213E-4306-9BEC-CEB1A666F5F1}.Debug|x86.Build.0 = Debug|Win32
		{854F923E-213E-4306-9BEC-CEB1A666F5F1}.Release|x64.ActiveCfg = Release|x64
		{854F923E-213E-4306-9BEC-CEB1A666F5F1}.Release|x64.Build.0 = Release|x64
		{854F923E-213E-4306-9BEC-CEB1A666F5F1}.Release|x86.ActiveCfg = Release|Win32
		{854F923E-213E-4306-9BEC-CEB1A666F5F1}.Release|x86.Build.0 = Release|Win32
		{82C4A23D-3510-45FE-92DA-7F819EB3C3E9}.Debug|x64.ActiveCfg = Debug|x64
		{82C4A23D-3510-45FE-92DA-7F819EB3C3E9}.Debug|x64.Build.0 = Debug|x64
		{82C4A23D-3510-45FE-92DA-7F819EB3C3E9}.Debug|x86.ActiveCfg = Debug|Win32
		{82C4A23D-3510-45FE-92DA-7F819EB3C3E9}.Debug|x86.Build.0 = Debug|Win32
		{82C4A23D-3510-45FE-92DA-7F819EB3C3E9}.Release|x64.ActiveCfg = Release|x64
		{82C4A23D-3510-45FE-92DA-7F819EB3C3E9}.Release|x64.Build.0 = Release|x64
		{82C4A23D-3510-45FE-92DA-7F819EB3C3E9}.Release|x86.ActiveCfg = Release|Win32
		{82C4A23D-3510-45FE-92DA-7F819EB3C3E9}.Release|x86.Build.0 = Release|Win32
		{51D73D84-8951-4EFC-B2EE-E84D5E0FE260}.Debug|x64.ActiveCfg = Debug|x64
		{51D73D84-8951-4EFC-B2EE-E84D5E0FE260}.Debug|x64.Build.0 = Debug|x64
		{51D73D84-8951-4EFC-B2EE-E84D5E0FE260}.Debug|x86.ActiveCfg = Debug|Win32
		{51D73D84-8951-4EFC-B2EE-E84D5E0FE260}.Debug|x86.Build.0 = Debug|Win32
		{51D73D84-8951-4EFC-B2EE-E84D5E0FE260}.Release|x64.ActiveCfg = Release|x64
		{51D73D84-8951-4EFC-B2EE-E84D5E0FE260}.Release|x64.Build.0 = Release|x64
		{51D73D84-8951-4EFC-B2EE-E84D5E0FE260}.Release|x86.ActiveCfg = Release|Win32
		{51D73D84-8951-4EFC-B2EE-E84D5E0FE260}.Release|x86.Build.0 = Release|Win32
		{F1CB39D8-EBF3-4746-90BD-C158CAFE018D}.Debug|x64.ActiveCfg = Debug|x64
		{F1CB39D8-EBF3-4746-90BD-C158CAFE018D}.Debug|x64.Build.0 = Debug|x64
		{F1CB39D8-EBF3-4746-90BD-C158CAFE018D}.Debug|x86.ActiveCfg = Debug|Win32
		{F1CB39D8-EBF3-4746-90BD-C158CAFE018D}.Debug|x86.Build.0 = Debug|Win32
		{F1CB39D8-EBF3-4746-90BD-C158CAFE018D}.Release|x64.ActiveCfg = Release|x64
		{F1CB39D8-EBF3-4746-90BD-C158CAFE018D}.Release|x64.Build.0 = Release|x64
		{F1CB39D8-EBF3-4746-90BD-C158CAFE018D}.Release|x86.ActiveCfg = Release|Win32
		{F1CB39D8-EBF3-4746-90BD-C158CAFE018D}.Release|x86.Build.0 = Release|Win32
		{1409BA18-1BB7-4DF7-8233-9D794826B4A5}.Debug|x64.ActiveCfg = Debug|x64
		{1409BA18-1BB7-4DF7-8233-9D794826B4A5}.Debug|x64.Build.0 = Debug|x64
		{1409BA18-1BB7-4DF7-8233-9D794826B4A5}.Debug|x86.ActiveCfg = Debug|Win32
		{1409BA18-1BB7-4DF7-8233-9D794826B4A5}.Debug|x86.Build.0 = Debug|Win32
		{1409BA18-1BB7-4DF7-8233-9D794826B4A5}.Release|x64.ActiveCfg = Release|x64
		{1409BA18-1BB7-4DF7-8233-9D794826B4A5}.Release|x64.Build.0 = Release|x64
		{1409BA18-1BB7-4DF7-8233-9D794826B4A5}.Release|x86.ActiveCfg = Release|Win32
		{1409BA18-1BB7-4DF7-8233-9D794826B4A5}.Release|x86.Build.0 = Release|Win32
		{762D7602-A808-4C57-987C-8FC039F95989}.Debug|x64.ActiveCfg = Debug|x64
		{762D7602-A808-4C57-987C-8FC039F95989}.Debug|x64.Build.0 = Debug|x64
		{762D7602-A808-4C57-987C-8FC039F95989}.Debug|x86.ActiveCfg = Debug|Win32
		{762D7602-A808-4C57-987C-8FC039F95989}.Debug|x86.Build.0 = Debug|Win32
		{762D7602-A808-4C57-987C-8FC039F95989}.Release|x64.ActiveCfg = Release|x64
		{762D7602-A808-4C57-987C-8FC039F95989}.Release|x64.Build.0 = Release|x64
		{762D7602-A808-4C57-987C-8FC039F95989}.Release|x86.ActiveCfg = Release|Win32
		{762D7602-A808-4C57-987C-8FC039F95989}.Release|x86.Build.0 = Release|Win32
		{5B281266-3FA6-4A14-B85C-A347A2ACC0F6}.Debug|x64.ActiveCfg = Debug|x64
		{5B281266-3FA6-4A14-B85C-A347A2ACC0F6}.Debug|x64.Build.0 = Debug|x64
		{5B281266-3FA6-4A14-B85C-A347A2ACC0F6}.Debug|x86.ActiveCfg = Debug|Win32
		{5B281266-3FA6-4A14-B85C-A347A2ACC0F6}.Debug|x86.Build.0 = Debug|Win32
		{5B281266-3FA6-4A14-B85C-A347A2ACC0F6}.Release|x64.ActiveCfg = Release|x64
		{5B281266-3FA6-4A14-B85C-A347A2ACC0F6}.Release|x64.Build.0 = Release|x64
		{5B281266-3FA6-4A14-B85C-A347A2ACC0F6}.Release|x86.ActiveCfg = Release|Win32
		{5B281266-3FA6-4A14-B85C-A347A2ACC0F6}.Release|x86.Build.0 = Release|Win32
		{2F670B07-7254-45CB-9CCF-623353A50039}.Debug|x64.ActiveCfg = Debug|x64
		{2F670B07-7254-45CB-9CCF-623353A50039}.Debug|x64.Build.0 = Debug|x64
		{2F670B07-7254-45CB-9CCF-623353A50039}.Debug|x86.ActiveCfg = Debug|Win32
		{2F670B07-7254-45CB-9CCF-623353A50039}.Debug|x86.Build.0 = Debug|Win32
		{2F670B07-7254-45CB-9CCF-623353A50039}.Release|x64.ActiveCfg = Release|x64
		{2F670B07-7254-45CB-9CCF-623353A50039}.Release|x64.Build.0 = Release|x64
		{2F670B07-7254-45CB-9CCF-623353A50039}.Release|x86.ActiveCfg = Release|Win32
		{2F670B07-7254-45CB-9CCF-623353A50039}.Release|x86.Build.0 = Release|Win32
	EndGlobalSection
	GlobalSection(SolutionProperties) = preSolution
		HideSolutionNode = FALSE
	EndGlobalSection
	GlobalSection(ExtensibilityGlobals) = postSolution
		SolutionGuid = {C458D5C2-59AB-43E6-B676-75DB2B4C840F}
	EndGlobalSection
EndGlobal
