
Microsoft Visual Studio Solution File, Format Version 12.00
# Visual Studio Version 17
VisualStudioVersion = 17.10.34916.146
MinimumVisualStudioVersion = 10.0.40219.1
Project("{8BC9CEB8-8B4A-11D0-8D11-00A0C91BC942}") = "6-1", "6-1\6-1.vcxproj", "{CAAE353A-8B6A-492A-9875-30D4B6390E69}"
EndProject
Project("{8BC9CEB8-8B4A-11D0-8D11-00A0C91BC942}") = "6-2", "6-2\6-2.vcxproj", "{C4724E98-F2E4-43E4-89DD-359C339A53E6}"
EndProject
Project("{8BC9CEB8-8B4A-11D0-8D11-00A0C91BC942}") = "6-3", "6-3\6-3.vcxproj", "{21ABCFAB-3CB9-45FD-A112-1F979867157D}"
EndProject
Project("{8BC9CEB8-8B4A-11D0-8D11-00A0C91BC942}") = "6-4", "6-4\6-4.vcxproj", "{A3998184-5839-4FF0-A6D7-A5A8AE5B9FA8}"
EndProject
Project("{8BC9CEB8-8B4A-11D0-8D11-00A0C91BC942}") = "6-5", "6-5\6-5.vcxproj", "{9B2127C7-A52C-4781-9545-7E8C150AB35F}"
EndProject
Project("{8BC9CEB8-8B4A-11D0-8D11-00A0C91BC942}") = "6-6", "6-6\6-6.vcxproj", "{B1C07B83-9503-491A-9963-63D1FF3BB8BD}"
EndProject
Project("{8BC9CEB8-8B4A-11D0-8D11-00A0C91BC942}") = "6-7", "6-7\6-7.vcxproj", "{5C37586D-E0ED-4C7F-8246-4D94C3021FA4}"
EndProject
Project("{8BC9CEB8-8B4A-11D0-8D11-00A0C91BC942}") = "6-8", "6-8\6-8.vcxproj", "{9813384E-BBCD-412A-9B76-6BCDD2F81508}"
EndProject
Project("{8BC9CEB8-8B4A-11D0-8D11-00A0C91BC942}") = "Challenge", "Challenge\Challenge.vcxproj", "{87C69456-C3BD-48E2-90AA-3D1E65D607FE}"
EndProject
Global
	GlobalSection(SolutionConfigurationPlatforms) = preSolution
		Debug|x64 = Debug|x64
		Debug|x86 = Debug|x86
		Release|x64 = Release|x64
		Release|x86 = Release|x86
	EndGlobalSection
	GlobalSection(ProjectConfigurationPlatforms) = postSolution
		{CAAE353A-8B6A-492A-9875-30D4B6390E69}.Debug|x64.ActiveCfg = Debug|x64
		{CAAE353A-8B6A-492A-9875-30D4B6390E69}.Debug|x64.Build.0 = Debug|x64
		{CAAE353A-8B6A-492A-9875-30D4B6390E69}.Debug|x86.ActiveCfg = Debug|Win32
		{CAAE353A-8B6A-492A-9875-30D4B6390E69}.Debug|x86.Build.0 = Debug|Win32
		{CAAE353A-8B6A-492A-9875-30D4B6390E69}.Release|x64.ActiveCfg = Release|x64
		{CAAE353A-8B6A-492A-9875-30D4B6390E69}.Release|x64.Build.0 = Release|x64
		{CAAE353A-8B6A-492A-9875-30D4B6390E69}.Release|x86.ActiveCfg = Release|Win32
		{CAAE353A-8B6A-492A-9875-30D4B6390E69}.Release|x86.Build.0 = Release|Win32
		{C4724E98-F2E4-43E4-89DD-359C339A53E6}.Debug|x64.ActiveCfg = Debug|x64
		{C4724E98-F2E4-43E4-89DD-359C339A53E6}.Debug|x64.Build.0 = Debug|x64
		{C4724E98-F2E4-43E4-89DD-359C339A53E6}.Debug|x86.ActiveCfg = Debug|Win32
		{C4724E98-F2E4-43E4-89DD-359C339A53E6}.Debug|x86.Build.0 = Debug|Win32
		{C4724E98-F2E4-43E4-89DD-359C339A53E6}.Release|x64.ActiveCfg = Release|x64
		{C4724E98-F2E4-43E4-89DD-359C339A53E6}.Release|x64.Build.0 = Release|x64
		{C4724E98-F2E4-43E4-89DD-359C339A53E6}.Release|x86.ActiveCfg = Release|Win32
		{C4724E98-F2E4-43E4-89DD-359C339A53E6}.Release|x86.Build.0 = Release|Win32
		{21ABCFAB-3CB9-45FD-A112-1F979867157D}.Debug|x64.ActiveCfg = Debug|x64
		{21ABCFAB-3CB9-45FD-A112-1F979867157D}.Debug|x64.Build.0 = Debug|x64
		{21ABCFAB-3CB9-45FD-A112-1F979867157D}.Debug|x86.ActiveCfg = Debug|Win32
		{21ABCFAB-3CB9-45FD-A112-1F979867157D}.Debug|x86.Build.0 = Debug|Win32
		{21ABCFAB-3CB9-45FD-A112-1F979867157D}.Release|x64.ActiveCfg = Release|x64
		{21ABCFAB-3CB9-45FD-A112-1F979867157D}.Release|x64.Build.0 = Release|x64
		{21ABCFAB-3CB9-45FD-A112-1F979867157D}.Release|x86.ActiveCfg = Release|Win32
		{21ABCFAB-3CB9-45FD-A112-1F979867157D}.Release|x86.Build.0 = Release|Win32
		{A3998184-5839-4FF0-A6D7-A5A8AE5B9FA8}.Debug|x64.ActiveCfg = Debug|x64
		{A3998184-5839-4FF0-A6D7-A5A8AE5B9FA8}.Debug|x64.Build.0 = Debug|x64
		{A3998184-5839-4FF0-A6D7-A5A8AE5B9FA8}.Debug|x86.ActiveCfg = Debug|Win32
		{A3998184-5839-4FF0-A6D7-A5A8AE5B9FA8}.Debug|x86.Build.0 = Debug|Win32
		{A3998184-5839-4FF0-A6D7-A5A8AE5B9FA8}.Release|x64.ActiveCfg = Release|x64
		{A3998184-5839-4FF0-A6D7-A5A8AE5B9FA8}.Release|x64.Build.0 = Release|x64
		{A3998184-5839-4FF0-A6D7-A5A8AE5B9FA8}.Release|x86.ActiveCfg = Release|Win32
		{A3998184-5839-4FF0-A6D7-A5A8AE5B9FA8}.Release|x86.Build.0 = Release|Win32
		{9B2127C7-A52C-4781-9545-7E8C150AB35F}.Debug|x64.ActiveCfg = Debug|x64
		{9B2127C7-A52C-4781-9545-7E8C150AB35F}.Debug|x64.Build.0 = Debug|x64
		{9B2127C7-A52C-4781-9545-7E8C150AB35F}.Debug|x86.ActiveCfg = Debug|Win32
		{9B2127C7-A52C-4781-9545-7E8C150AB35F}.Debug|x86.Build.0 = Debug|Win32
		{9B2127C7-A52C-4781-9545-7E8C150AB35F}.Release|x64.ActiveCfg = Release|x64
		{9B2127C7-A52C-4781-9545-7E8C150AB35F}.Release|x64.Build.0 = Release|x64
		{9B2127C7-A52C-4781-9545-7E8C150AB35F}.Release|x86.ActiveCfg = Release|Win32
		{9B2127C7-A52C-4781-9545-7E8C150AB35F}.Release|x86.Build.0 = Release|Win32
		{B1C07B83-9503-491A-9963-63D1FF3BB8BD}.Debug|x64.ActiveCfg = Debug|x64
		{B1C07B83-9503-491A-9963-63D1FF3BB8BD}.Debug|x64.Build.0 = Debug|x64
		{B1C07B83-9503-491A-9963-63D1FF3BB8BD}.Debug|x86.ActiveCfg = Debug|Win32
		{B1C07B83-9503-491A-9963-63D1FF3BB8BD}.Debug|x86.Build.0 = Debug|Win32
		{B1C07B83-9503-491A-9963-63D1FF3BB8BD}.Release|x64.ActiveCfg = Release|x64
		{B1C07B83-9503-491A-9963-63D1FF3BB8BD}.Release|x64.Build.0 = Release|x64
		{B1C07B83-9503-491A-9963-63D1FF3BB8BD}.Release|x86.ActiveCfg = Release|Win32
		{B1C07B83-9503-491A-9963-63D1FF3BB8BD}.Release|x86.Build.0 = Release|Win32
		{5C37586D-E0ED-4C7F-8246-4D94C3021FA4}.Debug|x64.ActiveCfg = Debug|x64
		{5C37586D-E0ED-4C7F-8246-4D94C3021FA4}.Debug|x64.Build.0 = Debug|x64
		{5C37586D-E0ED-4C7F-8246-4D94C3021FA4}.Debug|x86.ActiveCfg = Debug|Win32
		{5C37586D-E0ED-4C7F-8246-4D94C3021FA4}.Debug|x86.Build.0 = Debug|Win32
		{5C37586D-E0ED-4C7F-8246-4D94C3021FA4}.Release|x64.ActiveCfg = Release|x64
		{5C37586D-E0ED-4C7F-8246-4D94C3021FA4}.Release|x64.Build.0 = Release|x64
		{5C37586D-E0ED-4C7F-8246-4D94C3021FA4}.Release|x86.ActiveCfg = Release|Win32
		{5C37586D-E0ED-4C7F-8246-4D94C3021FA4}.Release|x86.Build.0 = Release|Win32
		{9813384E-BBCD-412A-9B76-6BCDD2F81508}.Debug|x64.ActiveCfg = Debug|x64
		{9813384E-BBCD-412A-9B76-6BCDD2F81508}.Debug|x64.Build.0 = Debug|x64
		{9813384E-BBCD-412A-9B76-6BCDD2F81508}.Debug|x86.ActiveCfg = Debug|Win32
		{9813384E-BBCD-412A-9B76-6BCDD2F81508}.Debug|x86.Build.0 = Debug|Win32
		{9813384E-BBCD-412A-9B76-6BCDD2F81508}.Release|x64.ActiveCfg = Release|x64
		{9813384E-BBCD-412A-9B76-6BCDD2F81508}.Release|x64.Build.0 = Release|x64
		{9813384E-BBCD-412A-9B76-6BCDD2F81508}.Release|x86.ActiveCfg = Release|Win32
		{9813384E-BBCD-412A-9B76-6BCDD2F81508}.Release|x86.Build.0 = Release|Win32
		{87C69456-C3BD-48E2-90AA-3D1E65D607FE}.Debug|x64.ActiveCfg = Debug|x64
		{87C69456-C3BD-48E2-90AA-3D1E65D607FE}.Debug|x64.Build.0 = Debug|x64
		{87C69456-C3BD-48E2-90AA-3D1E65D607FE}.Debug|x86.ActiveCfg = Debug|Win32
		{87C69456-C3BD-48E2-90AA-3D1E65D607FE}.Debug|x86.Build.0 = Debug|Win32
		{87C69456-C3BD-48E2-90AA-3D1E65D607FE}.Release|x64.ActiveCfg = Release|x64
		{87C69456-C3BD-48E2-90AA-3D1E65D607FE}.Release|x64.Build.0 = Release|x64
		{87C69456-C3BD-48E2-90AA-3D1E65D607FE}.Release|x86.ActiveCfg = Release|Win32
		{87C69456-C3BD-48E2-90AA-3D1E65D607FE}.Release|x86.Build.0 = Release|Win32
	EndGlobalSection
	GlobalSection(SolutionProperties) = preSolution
		HideSolutionNode = FALSE
	EndGlobalSection
	GlobalSection(ExtensibilityGlobals) = postSolution
		SolutionGuid = {71ADF1A9-73CB-4091-8F44-C1DFC4EE81F4}
	EndGlobalSection
EndGlobal
