
Microsoft Visual Studio Solution File, Format Version 12.00
# Visual Studio Version 17
VisualStudioVersion = 17.12.35527.113
MinimumVisualStudioVersion = 10.0.40219.1
Project("{8BC9CEB8-8B4A-11D0-8D11-00A0C91BC942}") = "Challenge", "Challenge\Challenge.vcxproj", "{B58EDDB5-117A-4779-AFE5-8147F2DB249C}"
EndProject
Project("{8BC9CEB8-8B4A-11D0-8D11-00A0C91BC942}") = "9-1", "9-1\9-1.vcxproj", "{3BCF0547-0EFF-4706-84E0-38D76EC53730}"
EndProject
Project("{8BC9CEB8-8B4A-11D0-8D11-00A0C91BC942}") = "9-2", "9-2\9-2.vcxproj", "{CEDCB291-0443-4424-9656-7EB2E82E26FD}"
EndProject
Project("{8BC9CEB8-8B4A-11D0-8D11-00A0C91BC942}") = "9-3", "9-3\9-3.vcxproj", "{DFABEEFD-08E8-4F71-803D-B7FDEAC136A8}"
EndProject
Project("{8BC9CEB8-8B4A-11D0-8D11-00A0C91BC942}") = "9-4", "9-4\9-4.vcxproj", "{7DE0F78F-510B-4C52-BE7C-D34D10817B4F}"
EndProject
Project("{8BC9CEB8-8B4A-11D0-8D11-00A0C91BC942}") = "9-5", "9-5\9-5.vcxproj", "{B9F3556F-0E46-448F-9EFF-71528375F4FB}"
EndProject
Project("{8BC9CEB8-8B4A-11D0-8D11-00A0C91BC942}") = "9-6", "9-6\9-6.vcxproj", "{9171E38D-C764-42E9-B44D-1C80C9B2A760}"
EndProject
Project("{8BC9CEB8-8B4A-11D0-8D11-00A0C91BC942}") = "9-7", "9-7\9-7.vcxproj", "{5D94D0CC-B707-4252-A4F9-F01FBB6BB253}"
EndProject
Project("{8BC9CEB8-8B4A-11D0-8D11-00A0C91BC942}") = "9-8", "9-8\9-8.vcxproj", "{324BFDF8-1851-438A-A8E5-E54BCB7C006F}"
EndProject
Project("{8BC9CEB8-8B4A-11D0-8D11-00A0C91BC942}") = "9-9", "9-9\9-9.vcxproj", "{EA890EEA-DDEA-4C0C-83B1-2CF20673443A}"
EndProject
Global
	GlobalSection(SolutionConfigurationPlatforms) = preSolution
		Debug|x64 = Debug|x64
		Debug|x86 = Debug|x86
		Release|x64 = Release|x64
		Release|x86 = Release|x86
	EndGlobalSection
	GlobalSection(ProjectConfigurationPlatforms) = postSolution
		{B58EDDB5-117A-4779-AFE5-8147F2DB249C}.Debug|x64.ActiveCfg = Debug|x64
		{B58EDDB5-117A-4779-AFE5-8147F2DB249C}.Debug|x64.Build.0 = Debug|x64
		{B58EDDB5-117A-4779-AFE5-8147F2DB249C}.Debug|x86.ActiveCfg = Debug|Win32
		{B58EDDB5-117A-4779-AFE5-8147F2DB249C}.Debug|x86.Build.0 = Debug|Win32
		{B58EDDB5-117A-4779-AFE5-8147F2DB249C}.Release|x64.ActiveCfg = Release|x64
		{B58EDDB5-117A-4779-AFE5-8147F2DB249C}.Release|x64.Build.0 = Release|x64
		{B58EDDB5-117A-4779-AFE5-8147F2DB249C}.Release|x86.ActiveCfg = Release|Win32
		{B58EDDB5-117A-4779-AFE5-8147F2DB249C}.Release|x86.Build.0 = Release|Win32
		{3BCF0547-0EFF-4706-84E0-38D76EC53730}.Debug|x64.ActiveCfg = Debug|x64
		{3BCF0547-0EFF-4706-84E0-38D76EC53730}.Debug|x64.Build.0 = Debug|x64
		{3BCF0547-0EFF-4706-84E0-38D76EC53730}.Debug|x86.ActiveCfg = Debug|Win32
		{3BCF0547-0EFF-4706-84E0-38D76EC53730}.Debug|x86.Build.0 = Debug|Win32
		{3BCF0547-0EFF-4706-84E0-38D76EC53730}.Release|x64.ActiveCfg = Release|x64
		{3BCF0547-0EFF-4706-84E0-38D76EC53730}.Release|x64.Build.0 = Release|x64
		{3BCF0547-0EFF-4706-84E0-38D76EC53730}.Release|x86.ActiveCfg = Release|Win32
		{3BCF0547-0EFF-4706-84E0-38D76EC53730}.Release|x86.Build.0 = Release|Win32
		{CEDCB291-0443-4424-9656-7EB2E82E26FD}.Debug|x64.ActiveCfg = Debug|x64
		{CEDCB291-0443-4424-9656-7EB2E82E26FD}.Debug|x64.Build.0 = Debug|x64
		{CEDCB291-0443-4424-9656-7EB2E82E26FD}.Debug|x86.ActiveCfg = Debug|Win32
		{CEDCB291-0443-4424-9656-7EB2E82E26FD}.Debug|x86.Build.0 = Debug|Win32
		{CEDCB291-0443-4424-9656-7EB2E82E26FD}.Release|x64.ActiveCfg = Release|x64
		{CEDCB291-0443-4424-9656-7EB2E82E26FD}.Release|x64.Build.0 = Release|x64
		{CEDCB291-0443-4424-9656-7EB2E82E26FD}.Release|x86.ActiveCfg = Release|Win32
		{CEDCB291-0443-4424-9656-7EB2E82E26FD}.Release|x86.Build.0 = Release|Win32
		{DFABEEFD-08E8-4F71-803D-B7FDEAC136A8}.Debug|x64.ActiveCfg = Debug|x64
		{DFABEEFD-08E8-4F71-803D-B7FDEAC136A8}.Debug|x64.Build.0 = Debug|x64
		{DFABEEFD-08E8-4F71-803D-B7FDEAC136A8}.Debug|x86.ActiveCfg = Debug|Win32
		{DFABEEFD-08E8-4F71-803D-B7FDEAC136A8}.Debug|x86.Build.0 = Debug|Win32
		{DFABEEFD-08E8-4F71-803D-B7FDEAC136A8}.Release|x64.ActiveCfg = Release|x64
		{DFABEEFD-08E8-4F71-803D-B7FDEAC136A8}.Release|x64.Build.0 = Release|x64
		{DFABEEFD-08E8-4F71-803D-B7FDEAC136A8}.Release|x86.ActiveCfg = Release|Win32
		{DFABEEFD-08E8-4F71-803D-B7FDEAC136A8}.Release|x86.Build.0 = Release|Win32
		{7DE0F78F-510B-4C52-BE7C-D34D10817B4F}.Debug|x64.ActiveCfg = Debug|x64
		{7DE0F78F-510B-4C52-BE7C-D34D10817B4F}.Debug|x64.Build.0 = Debug|x64
		{7DE0F78F-510B-4C52-BE7C-D34D10817B4F}.Debug|x86.ActiveCfg = Debug|Win32
		{7DE0F78F-510B-4C52-BE7C-D34D10817B4F}.Debug|x86.Build.0 = Debug|Win32
		{7DE0F78F-510B-4C52-BE7C-D34D10817B4F}.Release|x64.ActiveCfg = Release|x64
		{7DE0F78F-510B-4C52-BE7C-D34D10817B4F}.Release|x64.Build.0 = Release|x64
		{7DE0F78F-510B-4C52-BE7C-D34D10817B4F}.Release|x86.ActiveCfg = Release|Win32
		{7DE0F78F-510B-4C52-BE7C-D34D10817B4F}.Release|x86.Build.0 = Release|Win32
		{B9F3556F-0E46-448F-9EFF-71528375F4FB}.Debug|x64.ActiveCfg = Debug|x64
		{B9F3556F-0E46-448F-9EFF-71528375F4FB}.Debug|x64.Build.0 = Debug|x64
		{B9F3556F-0E46-448F-9EFF-71528375F4FB}.Debug|x86.ActiveCfg = Debug|Win32
		{B9F3556F-0E46-448F-9EFF-71528375F4FB}.Debug|x86.Build.0 = Debug|Win32
		{B9F3556F-0E46-448F-9EFF-71528375F4FB}.Release|x64.ActiveCfg = Release|x64
		{B9F3556F-0E46-448F-9EFF-71528375F4FB}.Release|x64.Build.0 = Release|x64
		{B9F3556F-0E46-448F-9EFF-71528375F4FB}.Release|x86.ActiveCfg = Release|Win32
		{B9F3556F-0E46-448F-9EFF-71528375F4FB}.Release|x86.Build.0 = Release|Win32
		{9171E38D-C764-42E9-B44D-1C80C9B2A760}.Debug|x64.ActiveCfg = Debug|x64
		{9171E38D-C764-42E9-B44D-1C80C9B2A760}.Debug|x64.Build.0 = Debug|x64
		{9171E38D-C764-42E9-B44D-1C80C9B2A760}.Debug|x86.ActiveCfg = Debug|Win32
		{9171E38D-C764-42E9-B44D-1C80C9B2A760}.Debug|x86.Build.0 = Debug|Win32
		{9171E38D-C764-42E9-B44D-1C80C9B2A760}.Release|x64.ActiveCfg = Release|x64
		{9171E38D-C764-42E9-B44D-1C80C9B2A760}.Release|x64.Build.0 = Release|x64
		{9171E38D-C764-42E9-B44D-1C80C9B2A760}.Release|x86.ActiveCfg = Release|Win32
		{9171E38D-C764-42E9-B44D-1C80C9B2A760}.Release|x86.Build.0 = Release|Win32
		{5D94D0CC-B707-4252-A4F9-F01FBB6BB253}.Debug|x64.ActiveCfg = Debug|x64
		{5D94D0CC-B707-4252-A4F9-F01FBB6BB253}.Debug|x64.Build.0 = Debug|x64
		{5D94D0CC-B707-4252-A4F9-F01FBB6BB253}.Debug|x86.ActiveCfg = Debug|Win32
		{5D94D0CC-B707-4252-A4F9-F01FBB6BB253}.Debug|x86.Build.0 = Debug|Win32
		{5D94D0CC-B707-4252-A4F9-F01FBB6BB253}.Release|x64.ActiveCfg = Release|x64
		{5D94D0CC-B707-4252-A4F9-F01FBB6BB253}.Release|x64.Build.0 = Release|x64
		{5D94D0CC-B707-4252-A4F9-F01FBB6BB253}.Release|x86.ActiveCfg = Release|Win32
		{5D94D0CC-B707-4252-A4F9-F01FBB6BB253}.Release|x86.Build.0 = Release|Win32
		{324BFDF8-1851-438A-A8E5-E54BCB7C006F}.Debug|x64.ActiveCfg = Debug|x64
		{324BFDF8-1851-438A-A8E5-E54BCB7C006F}.Debug|x64.Build.0 = Debug|x64
		{324BFDF8-1851-438A-A8E5-E54BCB7C006F}.Debug|x86.ActiveCfg = Debug|Win32
		{324BFDF8-1851-438A-A8E5-E54BCB7C006F}.Debug|x86.Build.0 = Debug|Win32
		{324BFDF8-1851-438A-A8E5-E54BCB7C006F}.Release|x64.ActiveCfg = Release|x64
		{324BFDF8-1851-438A-A8E5-E54BCB7C006F}.Release|x64.Build.0 = Release|x64
		{324BFDF8-1851-438A-A8E5-E54BCB7C006F}.Release|x86.ActiveCfg = Release|Win32
		{324BFDF8-1851-438A-A8E5-E54BCB7C006F}.Release|x86.Build.0 = Release|Win32
		{EA890EEA-DDEA-4C0C-83B1-2CF20673443A}.Debug|x64.ActiveCfg = Debug|x64
		{EA890EEA-DDEA-4C0C-83B1-2CF20673443A}.Debug|x64.Build.0 = Debug|x64
		{EA890EEA-DDEA-4C0C-83B1-2CF20673443A}.Debug|x86.ActiveCfg = Debug|Win32
		{EA890EEA-DDEA-4C0C-83B1-2CF20673443A}.Debug|x86.Build.0 = Debug|Win32
		{EA890EEA-DDEA-4C0C-83B1-2CF20673443A}.Release|x64.ActiveCfg = Release|x64
		{EA890EEA-DDEA-4C0C-83B1-2CF20673443A}.Release|x64.Build.0 = Release|x64
		{EA890EEA-DDEA-4C0C-83B1-2CF20673443A}.Release|x86.ActiveCfg = Release|Win32
		{EA890EEA-DDEA-4C0C-83B1-2CF20673443A}.Release|x86.Build.0 = Release|Win32
	EndGlobalSection
	GlobalSection(SolutionProperties) = preSolution
		HideSolutionNode = FALSE
	EndGlobalSection
EndGlobal
