
Microsoft Visual Studio Solution File, Format Version 12.00
# Visual Studio Version 17
VisualStudioVersion = 17.10.34916.146
MinimumVisualStudioVersion = 10.0.40219.1
Project("{8BC9CEB8-8B4A-11D0-8D11-00A0C91BC942}") = "2-Chanllenge", "ChallengePractice\ChallengePractice.vcxproj", "{0DA4B2C1-4008-4633-9517-ADBEB1700F80}"
EndProject
Project("{8BC9CEB8-8B4A-11D0-8D11-00A0C91BC942}") = "2-1", "2-1\2-1.vcxproj", "{E0825619-B1E0-47DF-839B-EAE98E0D14AC}"
EndProject
Project("{8BC9CEB8-8B4A-11D0-8D11-00A0C91BC942}") = "2-2", "2-2\2-2.vcxproj", "{4A2EF0C2-7AEF-429E-9463-1E838E676C3D}"
EndProject
Project("{8BC9CEB8-8B4A-11D0-8D11-00A0C91BC942}") = "2-3", "2-3\2-3.vcxproj", "{E9EDA84C-DC1C-488F-B6C2-4406E16F829A}"
EndProject
Project("{8BC9CEB8-8B4A-11D0-8D11-00A0C91BC942}") = "2-4", "2-4\2-4.vcxproj", "{CAE66917-661A-442E-9F44-664A6991CBD2}"
EndProject
Project("{8BC9CEB8-8B4A-11D0-8D11-00A0C91BC942}") = "2-5", "2-5\2-5.vcxproj", "{A3B8C7D2-6B3C-401E-AFFA-33225283CB3F}"
EndProject
Project("{8BC9CEB8-8B4A-11D0-8D11-00A0C91BC942}") = "2-6", "2-6\2-6.vcxproj", "{50ADDD8F-04AD-4A30-8B9E-807C722F7B7D}"
EndProject
Project("{8BC9CEB8-8B4A-11D0-8D11-00A0C91BC942}") = "2-7", "2-7\2-7.vcxproj", "{35FF8064-26DC-4E15-9D32-5BB1BE860387}"
EndProject
Project("{8BC9CEB8-8B4A-11D0-8D11-00A0C91BC942}") = "2-8", "2-8\2-8.vcxproj", "{AFEC20DD-A5E5-4179-86E4-960F7D68523F}"
EndProject
Project("{8BC9CEB8-8B4A-11D0-8D11-00A0C91BC942}") = "2-9", "2-9\2-9.vcxproj", "{C7A26F8E-2C1F-4844-87A4-7BC3748BABBE}"
EndProject
Global
	GlobalSection(SolutionConfigurationPlatforms) = preSolution
		Debug|x64 = Debug|x64
		Debug|x86 = Debug|x86
		Release|x64 = Release|x64
		Release|x86 = Release|x86
	EndGlobalSection
	GlobalSection(ProjectConfigurationPlatforms) = postSolution
		{0DA4B2C1-4008-4633-9517-ADBEB1700F80}.Debug|x64.ActiveCfg = Debug|x64
		{0DA4B2C1-4008-4633-9517-ADBEB1700F80}.Debug|x64.Build.0 = Debug|x64
		{0DA4B2C1-4008-4633-9517-ADBEB1700F80}.Debug|x86.ActiveCfg = Debug|Win32
		{0DA4B2C1-4008-4633-9517-ADBEB1700F80}.Debug|x86.Build.0 = Debug|Win32
		{0DA4B2C1-4008-4633-9517-ADBEB1700F80}.Release|x64.ActiveCfg = Release|x64
		{0DA4B2C1-4008-4633-9517-ADBEB1700F80}.Release|x64.Build.0 = Release|x64
		{0DA4B2C1-4008-4633-9517-ADBEB1700F80}.Release|x86.ActiveCfg = Release|Win32
		{0DA4B2C1-4008-4633-9517-ADBEB1700F80}.Release|x86.Build.0 = Release|Win32
		{E0825619-B1E0-47DF-839B-EAE98E0D14AC}.Debug|x64.ActiveCfg = Debug|x64
		{E0825619-B1E0-47DF-839B-EAE98E0D14AC}.Debug|x64.Build.0 = Debug|x64
		{E0825619-B1E0-47DF-839B-EAE98E0D14AC}.Debug|x86.ActiveCfg = Debug|Win32
		{E0825619-B1E0-47DF-839B-EAE98E0D14AC}.Debug|x86.Build.0 = Debug|Win32
		{E0825619-B1E0-47DF-839B-EAE98E0D14AC}.Release|x64.ActiveCfg = Release|x64
		{E0825619-B1E0-47DF-839B-EAE98E0D14AC}.Release|x64.Build.0 = Release|x64
		{E0825619-B1E0-47DF-839B-EAE98E0D14AC}.Release|x86.ActiveCfg = Release|Win32
		{E0825619-B1E0-47DF-839B-EAE98E0D14AC}.Release|x86.Build.0 = Release|Win32
		{4A2EF0C2-7AEF-429E-9463-1E838E676C3D}.Debug|x64.ActiveCfg = Debug|x64
		{4A2EF0C2-7AEF-429E-9463-1E838E676C3D}.Debug|x64.Build.0 = Debug|x64
		{4A2EF0C2-7AEF-429E-9463-1E838E676C3D}.Debug|x86.ActiveCfg = Debug|Win32
		{4A2EF0C2-7AEF-429E-9463-1E838E676C3D}.Debug|x86.Build.0 = Debug|Win32
		{4A2EF0C2-7AEF-429E-9463-1E838E676C3D}.Release|x64.ActiveCfg = Release|x64
		{4A2EF0C2-7AEF-429E-9463-1E838E676C3D}.Release|x64.Build.0 = Release|x64
		{4A2EF0C2-7AEF-429E-9463-1E838E676C3D}.Release|x86.ActiveCfg = Release|Win32
		{4A2EF0C2-7AEF-429E-9463-1E838E676C3D}.Release|x86.Build.0 = Release|Win32
		{E9EDA84C-DC1C-488F-B6C2-4406E16F829A}.Debug|x64.ActiveCfg = Debug|x64
		{E9EDA84C-DC1C-488F-B6C2-4406E16F829A}.Debug|x64.Build.0 = Debug|x64
		{E9EDA84C-DC1C-488F-B6C2-4406E16F829A}.Debug|x86.ActiveCfg = Debug|Win32
		{E9EDA84C-DC1C-488F-B6C2-4406E16F829A}.Debug|x86.Build.0 = Debug|Win32
		{E9EDA84C-DC1C-488F-B6C2-4406E16F829A}.Release|x64.ActiveCfg = Release|x64
		{E9EDA84C-DC1C-488F-B6C2-4406E16F829A}.Release|x64.Build.0 = Release|x64
		{E9EDA84C-DC1C-488F-B6C2-4406E16F829A}.Release|x86.ActiveCfg = Release|Win32
		{E9EDA84C-DC1C-488F-B6C2-4406E16F829A}.Release|x86.Build.0 = Release|Win32
		{CAE66917-661A-442E-9F44-664A6991CBD2}.Debug|x64.ActiveCfg = Debug|x64
		{CAE66917-661A-442E-9F44-664A6991CBD2}.Debug|x64.Build.0 = Debug|x64
		{CAE66917-661A-442E-9F44-664A6991CBD2}.Debug|x86.ActiveCfg = Debug|Win32
		{CAE66917-661A-442E-9F44-664A6991CBD2}.Debug|x86.Build.0 = Debug|Win32
		{CAE66917-661A-442E-9F44-664A6991CBD2}.Release|x64.ActiveCfg = Release|x64
		{CAE66917-661A-442E-9F44-664A6991CBD2}.Release|x64.Build.0 = Release|x64
		{CAE66917-661A-442E-9F44-664A6991CBD2}.Release|x86.ActiveCfg = Release|Win32
		{CAE66917-661A-442E-9F44-664A6991CBD2}.Release|x86.Build.0 = Release|Win32
		{A3B8C7D2-6B3C-401E-AFFA-33225283CB3F}.Debug|x64.ActiveCfg = Debug|x64
		{A3B8C7D2-6B3C-401E-AFFA-33225283CB3F}.Debug|x64.Build.0 = Debug|x64
		{A3B8C7D2-6B3C-401E-AFFA-33225283CB3F}.Debug|x86.ActiveCfg = Debug|Win32
		{A3B8C7D2-6B3C-401E-AFFA-33225283CB3F}.Debug|x86.Build.0 = Debug|Win32
		{A3B8C7D2-6B3C-401E-AFFA-33225283CB3F}.Release|x64.ActiveCfg = Release|x64
		{A3B8C7D2-6B3C-401E-AFFA-33225283CB3F}.Release|x64.Build.0 = Release|x64
		{A3B8C7D2-6B3C-401E-AFFA-33225283CB3F}.Release|x86.ActiveCfg = Release|Win32
		{A3B8C7D2-6B3C-401E-AFFA-33225283CB3F}.Release|x86.Build.0 = Release|Win32
		{50ADDD8F-04AD-4A30-8B9E-807C722F7B7D}.Debug|x64.ActiveCfg = Debug|x64
		{50ADDD8F-04AD-4A30-8B9E-807C722F7B7D}.Debug|x64.Build.0 = Debug|x64
		{50ADDD8F-04AD-4A30-8B9E-807C722F7B7D}.Debug|x86.ActiveCfg = Debug|Win32
		{50ADDD8F-04AD-4A30-8B9E-807C722F7B7D}.Debug|x86.Build.0 = Debug|Win32
		{50ADDD8F-04AD-4A30-8B9E-807C722F7B7D}.Release|x64.ActiveCfg = Release|x64
		{50ADDD8F-04AD-4A30-8B9E-807C722F7B7D}.Release|x64.Build.0 = Release|x64
		{50ADDD8F-04AD-4A30-8B9E-807C722F7B7D}.Release|x86.ActiveCfg = Release|Win32
		{50ADDD8F-04AD-4A30-8B9E-807C722F7B7D}.Release|x86.Build.0 = Release|Win32
		{35FF8064-26DC-4E15-9D32-5BB1BE860387}.Debug|x64.ActiveCfg = Debug|x64
		{35FF8064-26DC-4E15-9D32-5BB1BE860387}.Debug|x64.Build.0 = Debug|x64
		{35FF8064-26DC-4E15-9D32-5BB1BE860387}.Debug|x86.ActiveCfg = Debug|Win32
		{35FF8064-26DC-4E15-9D32-5BB1BE860387}.Debug|x86.Build.0 = Debug|Win32
		{35FF8064-26DC-4E15-9D32-5BB1BE860387}.Release|x64.ActiveCfg = Release|x64
		{35FF8064-26DC-4E15-9D32-5BB1BE860387}.Release|x64.Build.0 = Release|x64
		{35FF8064-26DC-4E15-9D32-5BB1BE860387}.Release|x86.ActiveCfg = Release|Win32
		{35FF8064-26DC-4E15-9D32-5BB1BE860387}.Release|x86.Build.0 = Release|Win32
		{AFEC20DD-A5E5-4179-86E4-960F7D68523F}.Debug|x64.ActiveCfg = Debug|x64
		{AFEC20DD-A5E5-4179-86E4-960F7D68523F}.Debug|x64.Build.0 = Debug|x64
		{AFEC20DD-A5E5-4179-86E4-960F7D68523F}.Debug|x86.ActiveCfg = Debug|Win32
		{AFEC20DD-A5E5-4179-86E4-960F7D68523F}.Debug|x86.Build.0 = Debug|Win32
		{AFEC20DD-A5E5-4179-86E4-960F7D68523F}.Release|x64.ActiveCfg = Release|x64
		{AFEC20DD-A5E5-4179-86E4-960F7D68523F}.Release|x64.Build.0 = Release|x64
		{AFEC20DD-A5E5-4179-86E4-960F7D68523F}.Release|x86.ActiveCfg = Release|Win32
		{AFEC20DD-A5E5-4179-86E4-960F7D68523F}.Release|x86.Build.0 = Release|Win32
		{C7A26F8E-2C1F-4844-87A4-7BC3748BABBE}.Debug|x64.ActiveCfg = Debug|x64
		{C7A26F8E-2C1F-4844-87A4-7BC3748BABBE}.Debug|x64.Build.0 = Debug|x64
		{C7A26F8E-2C1F-4844-87A4-7BC3748BABBE}.Debug|x86.ActiveCfg = Debug|Win32
		{C7A26F8E-2C1F-4844-87A4-7BC3748BABBE}.Debug|x86.Build.0 = Debug|Win32
		{C7A26F8E-2C1F-4844-87A4-7BC3748BABBE}.Release|x64.ActiveCfg = Release|x64
		{C7A26F8E-2C1F-4844-87A4-7BC3748BABBE}.Release|x64.Build.0 = Release|x64
		{C7A26F8E-2C1F-4844-87A4-7BC3748BABBE}.Release|x86.ActiveCfg = Release|Win32
		{C7A26F8E-2C1F-4844-87A4-7BC3748BABBE}.Release|x86.Build.0 = Release|Win32
	EndGlobalSection
	GlobalSection(SolutionProperties) = preSolution
		HideSolutionNode = FALSE
	EndGlobalSection
	GlobalSection(ExtensibilityGlobals) = postSolution
		SolutionGuid = {A331A7FE-5016-4326-80DE-80601F03E0E0}
	EndGlobalSection
EndGlobal
