
Microsoft Visual Studio Solution File, Format Version 12.00
# Visual Studio Version 17
VisualStudioVersion = 17.10.34916.146
MinimumVisualStudioVersion = 10.0.40219.1
Project("{8BC9CEB8-8B4A-11D0-8D11-00A0C91BC942}") = "Challenge", "Challenge\Challenge.vcxproj", "{F2CB4B5B-34C9-4D88-85A9-2CBAAE9873C8}"
EndProject
Project("{8BC9CEB8-8B4A-11D0-8D11-00A0C91BC942}") = "5-1", "5-1\5-1.vcxproj", "{3EB2EC0D-5535-4BC8-8300-1BF5723B1B46}"
EndProject
Project("{8BC9CEB8-8B4A-11D0-8D11-00A0C91BC942}") = "5-2", "5-2\5-2.vcxproj", "{7E4BE78C-7360-4B08-AA26-8C63754FD696}"
EndProject
Project("{8BC9CEB8-8B4A-11D0-8D11-00A0C91BC942}") = "5-3", "5-3\5-3.vcxproj", "{541309DC-A447-4A5C-B7EA-891A0A692D32}"
EndProject
Project("{8BC9CEB8-8B4A-11D0-8D11-00A0C91BC942}") = "5-4", "5-4\5-4.vcxproj", "{E29BEB7C-D6D7-44E1-9708-C4B21B65B8AB}"
EndProject
Project("{8BC9CEB8-8B4A-11D0-8D11-00A0C91BC942}") = "5-5", "5-5\5-5.vcxproj", "{583C16D7-DB7E-4E00-A580-00ED5095E5C2}"
EndProject
Project("{8BC9CEB8-8B4A-11D0-8D11-00A0C91BC942}") = "5-6", "5-6\5-6.vcxproj", "{1EB48B07-7889-4886-B5C4-F8DE30E0498C}"
EndProject
Project("{8BC9CEB8-8B4A-11D0-8D11-00A0C91BC942}") = "5-7", "5-7\5-7.vcxproj", "{06C34E00-B07D-422C-B1FB-3EAA086590B8}"
EndProject
Project("{8BC9CEB8-8B4A-11D0-8D11-00A0C91BC942}") = "5-8", "5-8\5-8.vcxproj", "{AD8E3E6F-00FF-4C1A-82BA-8615BB5927F8}"
EndProject
Project("{8BC9CEB8-8B4A-11D0-8D11-00A0C91BC942}") = "5-9", "5-9\5-9.vcxproj", "{716DD890-8C86-420F-8202-F45065024E52}"
EndProject
Project("{8BC9CEB8-8B4A-11D0-8D11-00A0C91BC942}") = "5-10", "5-10\5-10.vcxproj", "{7D8C4A0A-10D3-4082-83A7-214E7B32A8F4}"
EndProject
Project("{8BC9CEB8-8B4A-11D0-8D11-00A0C91BC942}") = "5-11", "5-11\5-11.vcxproj", "{0C6C24DD-9378-4FCD-A9CA-AFF6A0C8FDCD}"
EndProject
Project("{8BC9CEB8-8B4A-11D0-8D11-00A0C91BC942}") = "5-12", "5-12\5-12.vcxproj", "{8FFF5EAD-FBE2-4EE3-B23B-EA19707844C3}"
EndProject
Global
	GlobalSection(SolutionConfigurationPlatforms) = preSolution
		Debug|x64 = Debug|x64
		Debug|x86 = Debug|x86
		Release|x64 = Release|x64
		Release|x86 = Release|x86
	EndGlobalSection
	GlobalSection(ProjectConfigurationPlatforms) = postSolution
		{F2CB4B5B-34C9-4D88-85A9-2CBAAE9873C8}.Debug|x64.ActiveCfg = Debug|x64
		{F2CB4B5B-34C9-4D88-85A9-2CBAAE9873C8}.Debug|x64.Build.0 = Debug|x64
		{F2CB4B5B-34C9-4D88-85A9-2CBAAE9873C8}.Debug|x86.ActiveCfg = Debug|Win32
		{F2CB4B5B-34C9-4D88-85A9-2CBAAE9873C8}.Debug|x86.Build.0 = Debug|Win32
		{F2CB4B5B-34C9-4D88-85A9-2CBAAE9873C8}.Release|x64.ActiveCfg = Release|x64
		{F2CB4B5B-34C9-4D88-85A9-2CBAAE9873C8}.Release|x64.Build.0 = Release|x64
		{F2CB4B5B-34C9-4D88-85A9-2CBAAE9873C8}.Release|x86.ActiveCfg = Release|Win32
		{F2CB4B5B-34C9-4D88-85A9-2CBAAE9873C8}.Release|x86.Build.0 = Release|Win32
		{3EB2EC0D-5535-4BC8-8300-1BF5723B1B46}.Debug|x64.ActiveCfg = Debug|x64
		{3EB2EC0D-5535-4BC8-8300-1BF5723B1B46}.Debug|x64.Build.0 = Debug|x64
		{3EB2EC0D-5535-4BC8-8300-1BF5723B1B46}.Debug|x86.ActiveCfg = Debug|Win32
		{3EB2EC0D-5535-4BC8-8300-1BF5723B1B46}.Debug|x86.Build.0 = Debug|Win32
		{3EB2EC0D-5535-4BC8-8300-1BF5723B1B46}.Release|x64.ActiveCfg = Release|x64
		{3EB2EC0D-5535-4BC8-8300-1BF5723B1B46}.Release|x64.Build.0 = Release|x64
		{3EB2EC0D-5535-4BC8-8300-1BF5723B1B46}.Release|x86.ActiveCfg = Release|Win32
		{3EB2EC0D-5535-4BC8-8300-1BF5723B1B46}.Release|x86.Build.0 = Release|Win32
		{7E4BE78C-7360-4B08-AA26-8C63754FD696}.Debug|x64.ActiveCfg = Debug|x64
		{7E4BE78C-7360-4B08-AA26-8C63754FD696}.Debug|x64.Build.0 = Debug|x64
		{7E4BE78C-7360-4B08-AA26-8C63754FD696}.Debug|x86.ActiveCfg = Debug|Win32
		{7E4BE78C-7360-4B08-AA26-8C63754FD696}.Debug|x86.Build.0 = Debug|Win32
		{7E4BE78C-7360-4B08-AA26-8C63754FD696}.Release|x64.ActiveCfg = Release|x64
		{7E4BE78C-7360-4B08-AA26-8C63754FD696}.Release|x64.Build.0 = Release|x64
		{7E4BE78C-7360-4B08-AA26-8C63754FD696}.Release|x86.ActiveCfg = Release|Win32
		{7E4BE78C-7360-4B08-AA26-8C63754FD696}.Release|x86.Build.0 = Release|Win32
		{541309DC-A447-4A5C-B7EA-891A0A692D32}.Debug|x64.ActiveCfg = Debug|x64
		{541309DC-A447-4A5C-B7EA-891A0A692D32}.Debug|x64.Build.0 = Debug|x64
		{541309DC-A447-4A5C-B7EA-891A0A692D32}.Debug|x86.ActiveCfg = Debug|Win32
		{541309DC-A447-4A5C-B7EA-891A0A692D32}.Debug|x86.Build.0 = Debug|Win32
		{541309DC-A447-4A5C-B7EA-891A0A692D32}.Release|x64.ActiveCfg = Release|x64
		{541309DC-A447-4A5C-B7EA-891A0A692D32}.Release|x64.Build.0 = Release|x64
		{541309DC-A447-4A5C-B7EA-891A0A692D32}.Release|x86.ActiveCfg = Release|Win32
		{541309DC-A447-4A5C-B7EA-891A0A692D32}.Release|x86.Build.0 = Release|Win32
		{E29BEB7C-D6D7-44E1-9708-C4B21B65B8AB}.Debug|x64.ActiveCfg = Debug|x64
		{E29BEB7C-D6D7-44E1-9708-C4B21B65B8AB}.Debug|x64.Build.0 = Debug|x64
		{E29BEB7C-D6D7-44E1-9708-C4B21B65B8AB}.Debug|x86.ActiveCfg = Debug|Win32
		{E29BEB7C-D6D7-44E1-9708-C4B21B65B8AB}.Debug|x86.Build.0 = Debug|Win32
		{E29BEB7C-D6D7-44E1-9708-C4B21B65B8AB}.Release|x64.ActiveCfg = Release|x64
		{E29BEB7C-D6D7-44E1-9708-C4B21B65B8AB}.Release|x64.Build.0 = Release|x64
		{E29BEB7C-D6D7-44E1-9708-C4B21B65B8AB}.Release|x86.ActiveCfg = Release|Win32
		{E29BEB7C-D6D7-44E1-9708-C4B21B65B8AB}.Release|x86.Build.0 = Release|Win32
		{583C16D7-DB7E-4E00-A580-00ED5095E5C2}.Debug|x64.ActiveCfg = Debug|x64
		{583C16D7-DB7E-4E00-A580-00ED5095E5C2}.Debug|x64.Build.0 = Debug|x64
		{583C16D7-DB7E-4E00-A580-00ED5095E5C2}.Debug|x86.ActiveCfg = Debug|Win32
		{583C16D7-DB7E-4E00-A580-00ED5095E5C2}.Debug|x86.Build.0 = Debug|Win32
		{583C16D7-DB7E-4E00-A580-00ED5095E5C2}.Release|x64.ActiveCfg = Release|x64
		{583C16D7-DB7E-4E00-A580-00ED5095E5C2}.Release|x64.Build.0 = Release|x64
		{583C16D7-DB7E-4E00-A580-00ED5095E5C2}.Release|x86.ActiveCfg = Release|Win32
		{583C16D7-DB7E-4E00-A580-00ED5095E5C2}.Release|x86.Build.0 = Release|Win32
		{1EB48B07-7889-4886-B5C4-F8DE30E0498C}.Debug|x64.ActiveCfg = Debug|x64
		{1EB48B07-7889-4886-B5C4-F8DE30E0498C}.Debug|x64.Build.0 = Debug|x64
		{1EB48B07-7889-4886-B5C4-F8DE30E0498C}.Debug|x86.ActiveCfg = Debug|Win32
		{1EB48B07-7889-4886-B5C4-F8DE30E0498C}.Debug|x86.Build.0 = Debug|Win32
		{1EB48B07-7889-4886-B5C4-F8DE30E0498C}.Release|x64.ActiveCfg = Release|x64
		{1EB48B07-7889-4886-B5C4-F8DE30E0498C}.Release|x64.Build.0 = Release|x64
		{1EB48B07-7889-4886-B5C4-F8DE30E0498C}.Release|x86.ActiveCfg = Release|Win32
		{1EB48B07-7889-4886-B5C4-F8DE30E0498C}.Release|x86.Build.0 = Release|Win32
		{06C34E00-B07D-422C-B1FB-3EAA086590B8}.Debug|x64.ActiveCfg = Debug|x64
		{06C34E00-B07D-422C-B1FB-3EAA086590B8}.Debug|x64.Build.0 = Debug|x64
		{06C34E00-B07D-422C-B1FB-3EAA086590B8}.Debug|x86.ActiveCfg = Debug|Win32
		{06C34E00-B07D-422C-B1FB-3EAA086590B8}.Debug|x86.Build.0 = Debug|Win32
		{06C34E00-B07D-422C-B1FB-3EAA086590B8}.Release|x64.ActiveCfg = Release|x64
		{06C34E00-B07D-422C-B1FB-3EAA086590B8}.Release|x64.Build.0 = Release|x64
		{06C34E00-B07D-422C-B1FB-3EAA086590B8}.Release|x86.ActiveCfg = Release|Win32
		{06C34E00-B07D-422C-B1FB-3EAA086590B8}.Release|x86.Build.0 = Release|Win32
		{AD8E3E6F-00FF-4C1A-82BA-8615BB5927F8}.Debug|x64.ActiveCfg = Debug|x64
		{AD8E3E6F-00FF-4C1A-82BA-8615BB5927F8}.Debug|x64.Build.0 = Debug|x64
		{AD8E3E6F-00FF-4C1A-82BA-8615BB5927F8}.Debug|x86.ActiveCfg = Debug|Win32
		{AD8E3E6F-00FF-4C1A-82BA-8615BB5927F8}.Debug|x86.Build.0 = Debug|Win32
		{AD8E3E6F-00FF-4C1A-82BA-8615BB5927F8}.Release|x64.ActiveCfg = Release|x64
		{AD8E3E6F-00FF-4C1A-82BA-8615BB5927F8}.Release|x64.Build.0 = Release|x64
		{AD8E3E6F-00FF-4C1A-82BA-8615BB5927F8}.Release|x86.ActiveCfg = Release|Win32
		{AD8E3E6F-00FF-4C1A-82BA-8615BB5927F8}.Release|x86.Build.0 = Release|Win32
		{716DD890-8C86-420F-8202-F45065024E52}.Debug|x64.ActiveCfg = Debug|x64
		{716DD890-8C86-420F-8202-F45065024E52}.Debug|x64.Build.0 = Debug|x64
		{716DD890-8C86-420F-8202-F45065024E52}.Debug|x86.ActiveCfg = Debug|Win32
		{716DD890-8C86-420F-8202-F45065024E52}.Debug|x86.Build.0 = Debug|Win32
		{716DD890-8C86-420F-8202-F45065024E52}.Release|x64.ActiveCfg = Release|x64
		{716DD890-8C86-420F-8202-F45065024E52}.Release|x64.Build.0 = Release|x64
		{716DD890-8C86-420F-8202-F45065024E52}.Release|x86.ActiveCfg = Release|Win32
		{716DD890-8C86-420F-8202-F45065024E52}.Release|x86.Build.0 = Release|Win32
		{7D8C4A0A-10D3-4082-83A7-214E7B32A8F4}.Debug|x64.ActiveCfg = Debug|x64
		{7D8C4A0A-10D3-4082-83A7-214E7B32A8F4}.Debug|x64.Build.0 = Debug|x64
		{7D8C4A0A-10D3-4082-83A7-214E7B32A8F4}.Debug|x86.ActiveCfg = Debug|Win32
		{7D8C4A0A-10D3-4082-83A7-214E7B32A8F4}.Debug|x86.Build.0 = Debug|Win32
		{7D8C4A0A-10D3-4082-83A7-214E7B32A8F4}.Release|x64.ActiveCfg = Release|x64
		{7D8C4A0A-10D3-4082-83A7-214E7B32A8F4}.Release|x64.Build.0 = Release|x64
		{7D8C4A0A-10D3-4082-83A7-214E7B32A8F4}.Release|x86.ActiveCfg = Release|Win32
		{7D8C4A0A-10D3-4082-83A7-214E7B32A8F4}.Release|x86.Build.0 = Release|Win32
		{0C6C24DD-9378-4FCD-A9CA-AFF6A0C8FDCD}.Debug|x64.ActiveCfg = Debug|x64
		{0C6C24DD-9378-4FCD-A9CA-AFF6A0C8FDCD}.Debug|x64.Build.0 = Debug|x64
		{0C6C24DD-9378-4FCD-A9CA-AFF6A0C8FDCD}.Debug|x86.ActiveCfg = Debug|Win32
		{0C6C24DD-9378-4FCD-A9CA-AFF6A0C8FDCD}.Debug|x86.Build.0 = Debug|Win32
		{0C6C24DD-9378-4FCD-A9CA-AFF6A0C8FDCD}.Release|x64.ActiveCfg = Release|x64
		{0C6C24DD-9378-4FCD-A9CA-AFF6A0C8FDCD}.Release|x64.Build.0 = Release|x64
		{0C6C24DD-9378-4FCD-A9CA-AFF6A0C8FDCD}.Release|x86.ActiveCfg = Release|Win32
		{0C6C24DD-9378-4FCD-A9CA-AFF6A0C8FDCD}.Release|x86.Build.0 = Release|Win32
		{8FFF5EAD-FBE2-4EE3-B23B-EA19707844C3}.Debug|x64.ActiveCfg = Debug|x64
		{8FFF5EAD-FBE2-4EE3-B23B-EA19707844C3}.Debug|x64.Build.0 = Debug|x64
		{8FFF5EAD-FBE2-4EE3-B23B-EA19707844C3}.Debug|x86.ActiveCfg = Debug|Win32
		{8FFF5EAD-FBE2-4EE3-B23B-EA19707844C3}.Debug|x86.Build.0 = Debug|Win32
		{8FFF5EAD-FBE2-4EE3-B23B-EA19707844C3}.Release|x64.ActiveCfg = Release|x64
		{8FFF5EAD-FBE2-4EE3-B23B-EA19707844C3}.Release|x64.Build.0 = Release|x64
		{8FFF5EAD-FBE2-4EE3-B23B-EA19707844C3}.Release|x86.ActiveCfg = Release|Win32
		{8FFF5EAD-FBE2-4EE3-B23B-EA19707844C3}.Release|x86.Build.0 = Release|Win32
	EndGlobalSection
	GlobalSection(SolutionProperties) = preSolution
		HideSolutionNode = FALSE
	EndGlobalSection
	GlobalSection(ExtensibilityGlobals) = postSolution
		SolutionGuid = {24F50158-CA04-4AB0-BD02-29B0F43EBA3B}
	EndGlobalSection
EndGlobal
